// !$*UTF8*$!
{
	archiveVersion = 1;
	classes = {
	};
	objectVersion = 54;
	objects = {

/* Begin PBXBuildFile section */
		00E356F31AD99517003FC87E /* NaikamuTests.m in Sources */ = {isa = PBXBuildFile; fileRef = 00E356F21AD99517003FC87E /* NaikamuTests.m */; };
		01E4E63CF21B47B4BA43B10D /* Catamaran-ExtraLight.ttf in Resources */ = {isa = PBXBuildFile; fileRef = ED74041D21C943FD95118230 /* Catamaran-ExtraLight.ttf */; };
		05C5AD394AF849818EEC2F72 /* Lato-Thin.ttf in Resources */ = {isa = PBXBuildFile; fileRef = 55F07AB0844D42FC88762E10 /* Lato-Thin.ttf */; };
		0A85E2C812754F329B57767E /* Catamaran-Thin.ttf in Resources */ = {isa = PBXBuildFile; fileRef = 406C6BD55A144E08AE4A3822 /* Catamaran-Thin.ttf */; };
		13B07FBC1A68108700A75B9A /* AppDelegate.mm in Sources */ = {isa = PBXBuildFile; fileRef = 13B07FB01A68108700A75B9A /* AppDelegate.mm */; };
		13B07FBF1A68108700A75B9A /* Images.xcassets in Resources */ = {isa = PBXBuildFile; fileRef = 13B07FB51A68108700A75B9A /* Images.xcassets */; };
		13B07FC11A68108700A75B9A /* main.m in Sources */ = {isa = PBXBuildFile; fileRef = 13B07FB71A68108700A75B9A /* main.m */; };
		179EAAE8DA884DB093C686DD /* Roboto-ThinItalic.ttf in Resources */ = {isa = PBXBuildFile; fileRef = 2754ACDABB0E42EFB53D6194 /* Roboto-ThinItalic.ttf */; };
		1DD27001EC9E41BDAA6B29A4 /* Catamaran-Regular.ttf in Resources */ = {isa = PBXBuildFile; fileRef = 8D71085D7457427898DF11B4 /* Catamaran-Regular.ttf */; };
		2C428F9E5A804BD18C21935C /* Roboto-Thin.ttf in Resources */ = {isa = PBXBuildFile; fileRef = 9AF49667AA8B4F3085380A85 /* Roboto-Thin.ttf */; };
		31A9F4719B6B4B54AA1477D0 /* Catamaran-ExtraBold.ttf in Resources */ = {isa = PBXBuildFile; fileRef = 9CABD8BBE42B4EAAB0908A77 /* Catamaran-ExtraBold.ttf */; };
		4756DAD2C51C36A54255102E /* Pods_NaikamuCommonPods_NaikamuTests.framework in Frameworks */ = {isa = PBXBuildFile; fileRef = 3766FF4D52101B8CA094C6E7 /* Pods_NaikamuCommonPods_NaikamuTests.framework */; };
		5BEBB4A448C54542BE856AB3 /* Roboto-MediumItalic.ttf in Resources */ = {isa = PBXBuildFile; fileRef = DA37467180CA417CAFD9CE53 /* Roboto-MediumItalic.ttf */; };
		5F4B2422327CB9B3EA844A7F /* Pods_NaikamuCommonPods_NaikamuStg.framework in Frameworks */ = {isa = PBXBuildFile; fileRef = 8FE82E0CD7667A78B50CD304 /* Pods_NaikamuCommonPods_NaikamuStg.framework */; };
		6B6D0C0D54624C61954B2C00 /* Lato-Black.ttf in Resources */ = {isa = PBXBuildFile; fileRef = FD902C146ADA4233B9315BC0 /* Lato-Black.ttf */; };
		72330FFA197C43E7BE7CA8F6 /* Lato-Light.ttf in Resources */ = {isa = PBXBuildFile; fileRef = 80163236B5044A17A27D24D9 /* Lato-Light.ttf */; };
		75FA41FF6E42494EB414ECA8 /* Roboto-Black.ttf in Resources */ = {isa = PBXBuildFile; fileRef = 0D722AAC2E2A4461AA251045 /* Roboto-Black.ttf */; };
		77DCCD2CDDE94DE89DB8CDC3 /* Roboto-BoldItalic.ttf in Resources */ = {isa = PBXBuildFile; fileRef = 5E6E6FDFD75A4FA0A0837D2D /* Roboto-BoldItalic.ttf */; };
		81AB9BB82411601600AC10FF /* LaunchScreen.storyboard in Resources */ = {isa = PBXBuildFile; fileRef = 81AB9BB72411601600AC10FF /* LaunchScreen.storyboard */; };
		8A46C10B8AF547E89DDF9222 /* Lato-ThinItalic.ttf in Resources */ = {isa = PBXBuildFile; fileRef = 8B032D39B19C47D4AD67044E /* Lato-ThinItalic.ttf */; };
		8AC332D88D1E45F7B17A7872 /* Catamaran-SemiBold.ttf in Resources */ = {isa = PBXBuildFile; fileRef = 7FD1A202039C47F7B6472188 /* Catamaran-SemiBold.ttf */; };
		9053529D6E704CEB89501E55 /* Catamaran-Bold.ttf in Resources */ = {isa = PBXBuildFile; fileRef = C7E85770909F4FE59E7BED83 /* Catamaran-Bold.ttf */; };
		95923EB29FD04319B4B158D3 /* Catamaran-Medium.ttf in Resources */ = {isa = PBXBuildFile; fileRef = 670EFE93C70145668E9C2065 /* Catamaran-Medium.ttf */; };
		A1019C6F2ADDA12500AD0BD0 /* GoogleService-Info.plist in Resources */ = {isa = PBXBuildFile; fileRef = A15CF3412AD17C77004A53F3 /* GoogleService-Info.plist */; };
		A1019C702ADDA12900AD0BD0 /* GoogleService-Info.plist in Resources */ = {isa = PBXBuildFile; fileRef = A15CF3452AD17C8B004A53F3 /* GoogleService-Info.plist */; };
		A1019C712ADDA12C00AD0BD0 /* GoogleService-Info.plist in Resources */ = {isa = PBXBuildFile; fileRef = A15CF3432AD17C82004A53F3 /* GoogleService-Info.plist */; };
		A15CF2DB2AD030C0004A53F3 /* AppDelegate.mm in Sources */ = {isa = PBXBuildFile; fileRef = 13B07FB01A68108700A75B9A /* AppDelegate.mm */; };
		A15CF2DC2AD030C0004A53F3 /* main.m in Sources */ = {isa = PBXBuildFile; fileRef = 13B07FB71A68108700A75B9A /* main.m */; };
		A15CF2E02AD030C0004A53F3 /* LaunchScreen.storyboard in Resources */ = {isa = PBXBuildFile; fileRef = 81AB9BB72411601600AC10FF /* LaunchScreen.storyboard */; };
		A15CF2E22AD030C0004A53F3 /* Images.xcassets in Resources */ = {isa = PBXBuildFile; fileRef = 13B07FB51A68108700A75B9A /* Images.xcassets */; };
		A15CF2E32AD030C0004A53F3 /* Catamaran-Black.ttf in Resources */ = {isa = PBXBuildFile; fileRef = F4B826367DAD42A0A2513C4F /* Catamaran-Black.ttf */; };
		A15CF2E42AD030C0004A53F3 /* Catamaran-Bold.ttf in Resources */ = {isa = PBXBuildFile; fileRef = C7E85770909F4FE59E7BED83 /* Catamaran-Bold.ttf */; };
		A15CF2E52AD030C0004A53F3 /* Catamaran-ExtraBold.ttf in Resources */ = {isa = PBXBuildFile; fileRef = 9CABD8BBE42B4EAAB0908A77 /* Catamaran-ExtraBold.ttf */; };
		A15CF2E62AD030C0004A53F3 /* Catamaran-ExtraLight.ttf in Resources */ = {isa = PBXBuildFile; fileRef = ED74041D21C943FD95118230 /* Catamaran-ExtraLight.ttf */; };
		A15CF2E72AD030C0004A53F3 /* Catamaran-Light.ttf in Resources */ = {isa = PBXBuildFile; fileRef = 254CC1DA3BCB4572AB6A7438 /* Catamaran-Light.ttf */; };
		A15CF2E82AD030C0004A53F3 /* Catamaran-Medium.ttf in Resources */ = {isa = PBXBuildFile; fileRef = 670EFE93C70145668E9C2065 /* Catamaran-Medium.ttf */; };
		A15CF2E92AD030C0004A53F3 /* Catamaran-Regular.ttf in Resources */ = {isa = PBXBuildFile; fileRef = 8D71085D7457427898DF11B4 /* Catamaran-Regular.ttf */; };
		A15CF2EA2AD030C0004A53F3 /* Catamaran-SemiBold.ttf in Resources */ = {isa = PBXBuildFile; fileRef = 7FD1A202039C47F7B6472188 /* Catamaran-SemiBold.ttf */; };
		A15CF2EB2AD030C0004A53F3 /* Catamaran-Thin.ttf in Resources */ = {isa = PBXBuildFile; fileRef = 406C6BD55A144E08AE4A3822 /* Catamaran-Thin.ttf */; };
		A15CF2EC2AD030C0004A53F3 /* Lato-Black.ttf in Resources */ = {isa = PBXBuildFile; fileRef = FD902C146ADA4233B9315BC0 /* Lato-Black.ttf */; };
		A15CF2ED2AD030C0004A53F3 /* Lato-BlackItalic.ttf in Resources */ = {isa = PBXBuildFile; fileRef = E7D1975A2C084394AE17E3F6 /* Lato-BlackItalic.ttf */; };
		A15CF2EE2AD030C0004A53F3 /* Lato-Bold.ttf in Resources */ = {isa = PBXBuildFile; fileRef = 4F95CC7444254F9185C3D6DB /* Lato-Bold.ttf */; };
		A15CF2EF2AD030C0004A53F3 /* Lato-BoldItalic.ttf in Resources */ = {isa = PBXBuildFile; fileRef = BD10419163E143AD9C8A5D34 /* Lato-BoldItalic.ttf */; };
		A15CF2F02AD030C0004A53F3 /* Lato-Italic.ttf in Resources */ = {isa = PBXBuildFile; fileRef = DA9068E93D7E4594A3AAF98C /* Lato-Italic.ttf */; };
		A15CF2F12AD030C0004A53F3 /* Lato-Light.ttf in Resources */ = {isa = PBXBuildFile; fileRef = 80163236B5044A17A27D24D9 /* Lato-Light.ttf */; };
		A15CF2F22AD030C0004A53F3 /* Lato-LightItalic.ttf in Resources */ = {isa = PBXBuildFile; fileRef = 75882A15E78B4E93BDC6F558 /* Lato-LightItalic.ttf */; };
		A15CF2F32AD030C0004A53F3 /* Lato-Regular.ttf in Resources */ = {isa = PBXBuildFile; fileRef = 1FD77B6A286A41C6AC1AA67C /* Lato-Regular.ttf */; };
		A15CF2F42AD030C0004A53F3 /* Lato-Thin.ttf in Resources */ = {isa = PBXBuildFile; fileRef = 55F07AB0844D42FC88762E10 /* Lato-Thin.ttf */; };
		A15CF2F52AD030C0004A53F3 /* Lato-ThinItalic.ttf in Resources */ = {isa = PBXBuildFile; fileRef = 8B032D39B19C47D4AD67044E /* Lato-ThinItalic.ttf */; };
		A15CF2F62AD030C0004A53F3 /* Roboto-Black.ttf in Resources */ = {isa = PBXBuildFile; fileRef = 0D722AAC2E2A4461AA251045 /* Roboto-Black.ttf */; };
		A15CF2F72AD030C0004A53F3 /* Roboto-BlackItalic.ttf in Resources */ = {isa = PBXBuildFile; fileRef = 11A7198A343E4670BF726623 /* Roboto-BlackItalic.ttf */; };
		A15CF2F82AD030C0004A53F3 /* Roboto-Bold.ttf in Resources */ = {isa = PBXBuildFile; fileRef = 08BA40FEC53844C7897FC2CC /* Roboto-Bold.ttf */; };
		A15CF2F92AD030C0004A53F3 /* Roboto-BoldItalic.ttf in Resources */ = {isa = PBXBuildFile; fileRef = 5E6E6FDFD75A4FA0A0837D2D /* Roboto-BoldItalic.ttf */; };
		A15CF2FA2AD030C0004A53F3 /* Roboto-Italic.ttf in Resources */ = {isa = PBXBuildFile; fileRef = 453E3B50956848518BF62D31 /* Roboto-Italic.ttf */; };
		A15CF2FB2AD030C0004A53F3 /* Roboto-Light.ttf in Resources */ = {isa = PBXBuildFile; fileRef = 3E849A2188CC41DBAA5F52A5 /* Roboto-Light.ttf */; };
		A15CF2FC2AD030C0004A53F3 /* Roboto-LightItalic.ttf in Resources */ = {isa = PBXBuildFile; fileRef = D1B11D4CAF0D40EC98F2060F /* Roboto-LightItalic.ttf */; };
		A15CF2FD2AD030C0004A53F3 /* Roboto-Medium.ttf in Resources */ = {isa = PBXBuildFile; fileRef = 85ED07357DE04B329A35C091 /* Roboto-Medium.ttf */; };
		A15CF2FE2AD030C0004A53F3 /* Roboto-MediumItalic.ttf in Resources */ = {isa = PBXBuildFile; fileRef = DA37467180CA417CAFD9CE53 /* Roboto-MediumItalic.ttf */; };
		A15CF2FF2AD030C0004A53F3 /* Roboto-Regular.ttf in Resources */ = {isa = PBXBuildFile; fileRef = BCDB922956DD4A088BB38541 /* Roboto-Regular.ttf */; };
		A15CF3002AD030C0004A53F3 /* Roboto-Thin.ttf in Resources */ = {isa = PBXBuildFile; fileRef = 9AF49667AA8B4F3085380A85 /* Roboto-Thin.ttf */; };
		A15CF3012AD030C0004A53F3 /* Roboto-ThinItalic.ttf in Resources */ = {isa = PBXBuildFile; fileRef = 2754ACDABB0E42EFB53D6194 /* Roboto-ThinItalic.ttf */; };
		A15CF3102AD030C3004A53F3 /* AppDelegate.mm in Sources */ = {isa = PBXBuildFile; fileRef = 13B07FB01A68108700A75B9A /* AppDelegate.mm */; };
		A15CF3112AD030C3004A53F3 /* main.m in Sources */ = {isa = PBXBuildFile; fileRef = 13B07FB71A68108700A75B9A /* main.m */; };
		A15CF3152AD030C3004A53F3 /* LaunchScreen.storyboard in Resources */ = {isa = PBXBuildFile; fileRef = 81AB9BB72411601600AC10FF /* LaunchScreen.storyboard */; };
		A15CF3172AD030C3004A53F3 /* Images.xcassets in Resources */ = {isa = PBXBuildFile; fileRef = 13B07FB51A68108700A75B9A /* Images.xcassets */; };
		A15CF3182AD030C3004A53F3 /* Catamaran-Black.ttf in Resources */ = {isa = PBXBuildFile; fileRef = F4B826367DAD42A0A2513C4F /* Catamaran-Black.ttf */; };
		A15CF3192AD030C3004A53F3 /* Catamaran-Bold.ttf in Resources */ = {isa = PBXBuildFile; fileRef = C7E85770909F4FE59E7BED83 /* Catamaran-Bold.ttf */; };
		A15CF31A2AD030C3004A53F3 /* Catamaran-ExtraBold.ttf in Resources */ = {isa = PBXBuildFile; fileRef = 9CABD8BBE42B4EAAB0908A77 /* Catamaran-ExtraBold.ttf */; };
		A15CF31B2AD030C3004A53F3 /* Catamaran-ExtraLight.ttf in Resources */ = {isa = PBXBuildFile; fileRef = ED74041D21C943FD95118230 /* Catamaran-ExtraLight.ttf */; };
		A15CF31C2AD030C3004A53F3 /* Catamaran-Light.ttf in Resources */ = {isa = PBXBuildFile; fileRef = 254CC1DA3BCB4572AB6A7438 /* Catamaran-Light.ttf */; };
		A15CF31D2AD030C3004A53F3 /* Catamaran-Medium.ttf in Resources */ = {isa = PBXBuildFile; fileRef = 670EFE93C70145668E9C2065 /* Catamaran-Medium.ttf */; };
		A15CF31E2AD030C3004A53F3 /* Catamaran-Regular.ttf in Resources */ = {isa = PBXBuildFile; fileRef = 8D71085D7457427898DF11B4 /* Catamaran-Regular.ttf */; };
		A15CF31F2AD030C3004A53F3 /* Catamaran-SemiBold.ttf in Resources */ = {isa = PBXBuildFile; fileRef = 7FD1A202039C47F7B6472188 /* Catamaran-SemiBold.ttf */; };
		A15CF3202AD030C3004A53F3 /* Catamaran-Thin.ttf in Resources */ = {isa = PBXBuildFile; fileRef = 406C6BD55A144E08AE4A3822 /* Catamaran-Thin.ttf */; };
		A15CF3212AD030C3004A53F3 /* Lato-Black.ttf in Resources */ = {isa = PBXBuildFile; fileRef = FD902C146ADA4233B9315BC0 /* Lato-Black.ttf */; };
		A15CF3222AD030C3004A53F3 /* Lato-BlackItalic.ttf in Resources */ = {isa = PBXBuildFile; fileRef = E7D1975A2C084394AE17E3F6 /* Lato-BlackItalic.ttf */; };
		A15CF3232AD030C3004A53F3 /* Lato-Bold.ttf in Resources */ = {isa = PBXBuildFile; fileRef = 4F95CC7444254F9185C3D6DB /* Lato-Bold.ttf */; };
		A15CF3242AD030C3004A53F3 /* Lato-BoldItalic.ttf in Resources */ = {isa = PBXBuildFile; fileRef = BD10419163E143AD9C8A5D34 /* Lato-BoldItalic.ttf */; };
		A15CF3252AD030C3004A53F3 /* Lato-Italic.ttf in Resources */ = {isa = PBXBuildFile; fileRef = DA9068E93D7E4594A3AAF98C /* Lato-Italic.ttf */; };
		A15CF3262AD030C3004A53F3 /* Lato-Light.ttf in Resources */ = {isa = PBXBuildFile; fileRef = 80163236B5044A17A27D24D9 /* Lato-Light.ttf */; };
		A15CF3272AD030C3004A53F3 /* Lato-LightItalic.ttf in Resources */ = {isa = PBXBuildFile; fileRef = 75882A15E78B4E93BDC6F558 /* Lato-LightItalic.ttf */; };
		A15CF3282AD030C3004A53F3 /* Lato-Regular.ttf in Resources */ = {isa = PBXBuildFile; fileRef = 1FD77B6A286A41C6AC1AA67C /* Lato-Regular.ttf */; };
		A15CF3292AD030C3004A53F3 /* Lato-Thin.ttf in Resources */ = {isa = PBXBuildFile; fileRef = 55F07AB0844D42FC88762E10 /* Lato-Thin.ttf */; };
		A15CF32A2AD030C3004A53F3 /* Lato-ThinItalic.ttf in Resources */ = {isa = PBXBuildFile; fileRef = 8B032D39B19C47D4AD67044E /* Lato-ThinItalic.ttf */; };
		A15CF32B2AD030C3004A53F3 /* Roboto-Black.ttf in Resources */ = {isa = PBXBuildFile; fileRef = 0D722AAC2E2A4461AA251045 /* Roboto-Black.ttf */; };
		A15CF32C2AD030C3004A53F3 /* Roboto-BlackItalic.ttf in Resources */ = {isa = PBXBuildFile; fileRef = 11A7198A343E4670BF726623 /* Roboto-BlackItalic.ttf */; };
		A15CF32D2AD030C3004A53F3 /* Roboto-Bold.ttf in Resources */ = {isa = PBXBuildFile; fileRef = 08BA40FEC53844C7897FC2CC /* Roboto-Bold.ttf */; };
		A15CF32E2AD030C3004A53F3 /* Roboto-BoldItalic.ttf in Resources */ = {isa = PBXBuildFile; fileRef = 5E6E6FDFD75A4FA0A0837D2D /* Roboto-BoldItalic.ttf */; };
		A15CF32F2AD030C3004A53F3 /* Roboto-Italic.ttf in Resources */ = {isa = PBXBuildFile; fileRef = 453E3B50956848518BF62D31 /* Roboto-Italic.ttf */; };
		A15CF3302AD030C3004A53F3 /* Roboto-Light.ttf in Resources */ = {isa = PBXBuildFile; fileRef = 3E849A2188CC41DBAA5F52A5 /* Roboto-Light.ttf */; };
		A15CF3312AD030C3004A53F3 /* Roboto-LightItalic.ttf in Resources */ = {isa = PBXBuildFile; fileRef = D1B11D4CAF0D40EC98F2060F /* Roboto-LightItalic.ttf */; };
		A15CF3322AD030C3004A53F3 /* Roboto-Medium.ttf in Resources */ = {isa = PBXBuildFile; fileRef = 85ED07357DE04B329A35C091 /* Roboto-Medium.ttf */; };
		A15CF3332AD030C3004A53F3 /* Roboto-MediumItalic.ttf in Resources */ = {isa = PBXBuildFile; fileRef = DA37467180CA417CAFD9CE53 /* Roboto-MediumItalic.ttf */; };
		A15CF3342AD030C3004A53F3 /* Roboto-Regular.ttf in Resources */ = {isa = PBXBuildFile; fileRef = BCDB922956DD4A088BB38541 /* Roboto-Regular.ttf */; };
		A15CF3352AD030C3004A53F3 /* Roboto-Thin.ttf in Resources */ = {isa = PBXBuildFile; fileRef = 9AF49667AA8B4F3085380A85 /* Roboto-Thin.ttf */; };
		A15CF3362AD030C3004A53F3 /* Roboto-ThinItalic.ttf in Resources */ = {isa = PBXBuildFile; fileRef = 2754ACDABB0E42EFB53D6194 /* Roboto-ThinItalic.ttf */; };
		BB52E950580D4DC084B58B83 /* Lato-BlackItalic.ttf in Resources */ = {isa = PBXBuildFile; fileRef = E7D1975A2C084394AE17E3F6 /* Lato-BlackItalic.ttf */; };
		C2867B7E972E4BB092B35A8B /* Lato-BoldItalic.ttf in Resources */ = {isa = PBXBuildFile; fileRef = BD10419163E143AD9C8A5D34 /* Lato-BoldItalic.ttf */; };
		C55D25A767764655B7AB7B6C /* Roboto-Medium.ttf in Resources */ = {isa = PBXBuildFile; fileRef = 85ED07357DE04B329A35C091 /* Roboto-Medium.ttf */; };
		CB25E356788A4F119F1EDE8F /* Roboto-Italic.ttf in Resources */ = {isa = PBXBuildFile; fileRef = 453E3B50956848518BF62D31 /* Roboto-Italic.ttf */; };
		CE332313A1414F0FBD907164 /* Lato-Italic.ttf in Resources */ = {isa = PBXBuildFile; fileRef = DA9068E93D7E4594A3AAF98C /* Lato-Italic.ttf */; };
		CFFE76A268C648B58EBB3320 /* Roboto-LightItalic.ttf in Resources */ = {isa = PBXBuildFile; fileRef = D1B11D4CAF0D40EC98F2060F /* Roboto-LightItalic.ttf */; };
		D33F4CEACB654D33BE219F5B /* Catamaran-Light.ttf in Resources */ = {isa = PBXBuildFile; fileRef = 254CC1DA3BCB4572AB6A7438 /* Catamaran-Light.ttf */; };
		D96C3ABFCEAAD7A7F26554E9 /* Pods_NaikamuCommonPods_NaikamuDev.framework in Frameworks */ = {isa = PBXBuildFile; fileRef = 143A0B6072196EC648E080BB /* Pods_NaikamuCommonPods_NaikamuDev.framework */; };
		DB2F5B1E8DF94FE49FF6548E /* Roboto-BlackItalic.ttf in Resources */ = {isa = PBXBuildFile; fileRef = 11A7198A343E4670BF726623 /* Roboto-BlackItalic.ttf */; };
		DB6B33ACD4644DEAB3F408C0 /* Roboto-Light.ttf in Resources */ = {isa = PBXBuildFile; fileRef = 3E849A2188CC41DBAA5F52A5 /* Roboto-Light.ttf */; };
		E0C20091273041DEA398D515 /* Catamaran-Black.ttf in Resources */ = {isa = PBXBuildFile; fileRef = F4B826367DAD42A0A2513C4F /* Catamaran-Black.ttf */; };
		E301B42766134028865FA7F3 /* Lato-Bold.ttf in Resources */ = {isa = PBXBuildFile; fileRef = 4F95CC7444254F9185C3D6DB /* Lato-Bold.ttf */; };
		F368B2AB8E974A76A43BDDEF /* Roboto-Bold.ttf in Resources */ = {isa = PBXBuildFile; fileRef = 08BA40FEC53844C7897FC2CC /* Roboto-Bold.ttf */; };
		F703965D4445964421D4B5AB /* Pods_NaikamuCommonPods_Naikamu.framework in Frameworks */ = {isa = PBXBuildFile; fileRef = 5EC2B1E1A78190ADB77F227A /* Pods_NaikamuCommonPods_Naikamu.framework */; };
		FA60D2E3FE0746DC9233AE23 /* Lato-LightItalic.ttf in Resources */ = {isa = PBXBuildFile; fileRef = 75882A15E78B4E93BDC6F558 /* Lato-LightItalic.ttf */; };
		FB7CE767B2C4411FBDF605E0 /* Lato-Regular.ttf in Resources */ = {isa = PBXBuildFile; fileRef = 1FD77B6A286A41C6AC1AA67C /* Lato-Regular.ttf */; };
		FD6E4AA790FE404BB44544E7 /* Roboto-Regular.ttf in Resources */ = {isa = PBXBuildFile; fileRef = BCDB922956DD4A088BB38541 /* Roboto-Regular.ttf */; };
/* End PBXBuildFile section */

/* Begin PBXContainerItemProxy section */
		00E356F41AD99517003FC87E /* PBXContainerItemProxy */ = {
			isa = PBXContainerItemProxy;
			containerPortal = 83CBB9F71A601CBA00E9B192 /* Project object */;
			proxyType = 1;
			remoteGlobalIDString = 13B07F861A680F5B00A75B9A;
			remoteInfo = Naikamu;
		};
/* End PBXContainerItemProxy section */

/* Begin PBXFileReference section */
		00E356EE1AD99517003FC87E /* NaikamuTests.xctest */ = {isa = PBXFileReference; explicitFileType = wrapper.cfbundle; includeInIndex = 0; path = NaikamuTests.xctest; sourceTree = BUILT_PRODUCTS_DIR; };
		00E356F11AD99517003FC87E /* Info.plist */ = {isa = PBXFileReference; lastKnownFileType = text.plist.xml; path = Info.plist; sourceTree = "<group>"; };
		00E356F21AD99517003FC87E /* NaikamuTests.m */ = {isa = PBXFileReference; lastKnownFileType = sourcecode.c.objc; path = NaikamuTests.m; sourceTree = "<group>"; };
		08BA40FEC53844C7897FC2CC /* Roboto-Bold.ttf */ = {isa = PBXFileReference; explicitFileType = undefined; fileEncoding = 9; includeInIndex = 0; lastKnownFileType = unknown; name = "Roboto-Bold.ttf"; path = "../assets/fonts/Roboto-Bold.ttf"; sourceTree = "<group>"; };
		0D722AAC2E2A4461AA251045 /* Roboto-Black.ttf */ = {isa = PBXFileReference; explicitFileType = undefined; fileEncoding = 9; includeInIndex = 0; lastKnownFileType = unknown; name = "Roboto-Black.ttf"; path = "../assets/fonts/Roboto-Black.ttf"; sourceTree = "<group>"; };
		11A7198A343E4670BF726623 /* Roboto-BlackItalic.ttf */ = {isa = PBXFileReference; explicitFileType = undefined; fileEncoding = 9; includeInIndex = 0; lastKnownFileType = unknown; name = "Roboto-BlackItalic.ttf"; path = "../assets/fonts/Roboto-BlackItalic.ttf"; sourceTree = "<group>"; };
		13B07F961A680F5B00A75B9A /* Naikamu.app */ = {isa = PBXFileReference; explicitFileType = wrapper.application; includeInIndex = 0; path = Naikamu.app; sourceTree = BUILT_PRODUCTS_DIR; };
		13B07FAF1A68108700A75B9A /* AppDelegate.h */ = {isa = PBXFileReference; fileEncoding = 4; lastKnownFileType = sourcecode.c.h; name = AppDelegate.h; path = Naikamu/AppDelegate.h; sourceTree = "<group>"; };
		13B07FB01A68108700A75B9A /* AppDelegate.mm */ = {isa = PBXFileReference; fileEncoding = 4; lastKnownFileType = sourcecode.cpp.objcpp; name = AppDelegate.mm; path = Naikamu/AppDelegate.mm; sourceTree = "<group>"; };
		13B07FB51A68108700A75B9A /* Images.xcassets */ = {isa = PBXFileReference; lastKnownFileType = folder.assetcatalog; name = Images.xcassets; path = Naikamu/Images.xcassets; sourceTree = "<group>"; };
		13B07FB61A68108700A75B9A /* Info.plist */ = {isa = PBXFileReference; fileEncoding = 4; lastKnownFileType = text.plist.xml; name = Info.plist; path = Naikamu/Info.plist; sourceTree = "<group>"; };
		13B07FB71A68108700A75B9A /* main.m */ = {isa = PBXFileReference; fileEncoding = 4; lastKnownFileType = sourcecode.c.objc; name = main.m; path = Naikamu/main.m; sourceTree = "<group>"; };
		143A0B6072196EC648E080BB /* Pods_NaikamuCommonPods_NaikamuDev.framework */ = {isa = PBXFileReference; explicitFileType = wrapper.framework; includeInIndex = 0; path = Pods_NaikamuCommonPods_NaikamuDev.framework; sourceTree = BUILT_PRODUCTS_DIR; };
		1FD77B6A286A41C6AC1AA67C /* Lato-Regular.ttf */ = {isa = PBXFileReference; explicitFileType = undefined; fileEncoding = 9; includeInIndex = 0; lastKnownFileType = unknown; name = "Lato-Regular.ttf"; path = "../assets/fonts/Lato-Regular.ttf"; sourceTree = "<group>"; };
		254CC1DA3BCB4572AB6A7438 /* Catamaran-Light.ttf */ = {isa = PBXFileReference; explicitFileType = undefined; fileEncoding = 9; includeInIndex = 0; lastKnownFileType = unknown; name = "Catamaran-Light.ttf"; path = "../assets/fonts/Catamaran-Light.ttf"; sourceTree = "<group>"; };
		2754ACDABB0E42EFB53D6194 /* Roboto-ThinItalic.ttf */ = {isa = PBXFileReference; explicitFileType = undefined; fileEncoding = 9; includeInIndex = 0; lastKnownFileType = unknown; name = "Roboto-ThinItalic.ttf"; path = "../assets/fonts/Roboto-ThinItalic.ttf"; sourceTree = "<group>"; };
		3766FF4D52101B8CA094C6E7 /* Pods_NaikamuCommonPods_NaikamuTests.framework */ = {isa = PBXFileReference; explicitFileType = wrapper.framework; includeInIndex = 0; path = Pods_NaikamuCommonPods_NaikamuTests.framework; sourceTree = BUILT_PRODUCTS_DIR; };
		3B4392A12AC88292D35C810B /* Pods-Naikamu.debug.xcconfig */ = {isa = PBXFileReference; includeInIndex = 1; lastKnownFileType = text.xcconfig; name = "Pods-Naikamu.debug.xcconfig"; path = "Target Support Files/Pods-Naikamu/Pods-Naikamu.debug.xcconfig"; sourceTree = "<group>"; };
		3CACAB495B78CA0322E3F49A /* Pods-NaikamuCommonPods-Naikamu.debug.xcconfig */ = {isa = PBXFileReference; includeInIndex = 1; lastKnownFileType = text.xcconfig; name = "Pods-NaikamuCommonPods-Naikamu.debug.xcconfig"; path = "Target Support Files/Pods-NaikamuCommonPods-Naikamu/Pods-NaikamuCommonPods-Naikamu.debug.xcconfig"; sourceTree = "<group>"; };
		3E849A2188CC41DBAA5F52A5 /* Roboto-Light.ttf */ = {isa = PBXFileReference; explicitFileType = undefined; fileEncoding = 9; includeInIndex = 0; lastKnownFileType = unknown; name = "Roboto-Light.ttf"; path = "../assets/fonts/Roboto-Light.ttf"; sourceTree = "<group>"; };
		406C6BD55A144E08AE4A3822 /* Catamaran-Thin.ttf */ = {isa = PBXFileReference; explicitFileType = undefined; fileEncoding = 9; includeInIndex = 0; lastKnownFileType = unknown; name = "Catamaran-Thin.ttf"; path = "../assets/fonts/Catamaran-Thin.ttf"; sourceTree = "<group>"; };
		453E3B50956848518BF62D31 /* Roboto-Italic.ttf */ = {isa = PBXFileReference; explicitFileType = undefined; fileEncoding = 9; includeInIndex = 0; lastKnownFileType = unknown; name = "Roboto-Italic.ttf"; path = "../assets/fonts/Roboto-Italic.ttf"; sourceTree = "<group>"; };
		4F95CC7444254F9185C3D6DB /* Lato-Bold.ttf */ = {isa = PBXFileReference; explicitFileType = undefined; fileEncoding = 9; includeInIndex = 0; lastKnownFileType = unknown; name = "Lato-Bold.ttf"; path = "../assets/fonts/Lato-Bold.ttf"; sourceTree = "<group>"; };
		5141AFEABEEA5F2252EB7546 /* Pods-NaikamuCommonPods-NaikamuDev.release.xcconfig */ = {isa = PBXFileReference; includeInIndex = 1; lastKnownFileType = text.xcconfig; name = "Pods-NaikamuCommonPods-NaikamuDev.release.xcconfig"; path = "Target Support Files/Pods-NaikamuCommonPods-NaikamuDev/Pods-NaikamuCommonPods-NaikamuDev.release.xcconfig"; sourceTree = "<group>"; };
		55F07AB0844D42FC88762E10 /* Lato-Thin.ttf */ = {isa = PBXFileReference; explicitFileType = undefined; fileEncoding = 9; includeInIndex = 0; lastKnownFileType = unknown; name = "Lato-Thin.ttf"; path = "../assets/fonts/Lato-Thin.ttf"; sourceTree = "<group>"; };
		5709B34CF0A7D63546082F79 /* Pods-Naikamu.release.xcconfig */ = {isa = PBXFileReference; includeInIndex = 1; lastKnownFileType = text.xcconfig; name = "Pods-Naikamu.release.xcconfig"; path = "Target Support Files/Pods-Naikamu/Pods-Naikamu.release.xcconfig"; sourceTree = "<group>"; };
		5B7EB9410499542E8C5724F5 /* Pods-Naikamu-NaikamuTests.debug.xcconfig */ = {isa = PBXFileReference; includeInIndex = 1; lastKnownFileType = text.xcconfig; name = "Pods-Naikamu-NaikamuTests.debug.xcconfig"; path = "Target Support Files/Pods-Naikamu-NaikamuTests/Pods-Naikamu-NaikamuTests.debug.xcconfig"; sourceTree = "<group>"; };
		5E6E6FDFD75A4FA0A0837D2D /* Roboto-BoldItalic.ttf */ = {isa = PBXFileReference; explicitFileType = undefined; fileEncoding = 9; includeInIndex = 0; lastKnownFileType = unknown; name = "Roboto-BoldItalic.ttf"; path = "../assets/fonts/Roboto-BoldItalic.ttf"; sourceTree = "<group>"; };
		5EC2B1E1A78190ADB77F227A /* Pods_NaikamuCommonPods_Naikamu.framework */ = {isa = PBXFileReference; explicitFileType = wrapper.framework; includeInIndex = 0; path = Pods_NaikamuCommonPods_Naikamu.framework; sourceTree = BUILT_PRODUCTS_DIR; };
		670EFE93C70145668E9C2065 /* Catamaran-Medium.ttf */ = {isa = PBXFileReference; explicitFileType = undefined; fileEncoding = 9; includeInIndex = 0; lastKnownFileType = unknown; name = "Catamaran-Medium.ttf"; path = "../assets/fonts/Catamaran-Medium.ttf"; sourceTree = "<group>"; };
		6A130072470CB5F9251EE342 /* Pods-NaikamuCommonPods-NaikamuTests.debug.xcconfig */ = {isa = PBXFileReference; includeInIndex = 1; lastKnownFileType = text.xcconfig; name = "Pods-NaikamuCommonPods-NaikamuTests.debug.xcconfig"; path = "Target Support Files/Pods-NaikamuCommonPods-NaikamuTests/Pods-NaikamuCommonPods-NaikamuTests.debug.xcconfig"; sourceTree = "<group>"; };
		71A6695B291D69F800F886BB /* MaterialCommunityIcons.ttf */ = {isa = PBXFileReference; lastKnownFileType = file; name = MaterialCommunityIcons.ttf; path = "../node_modules/react-native-vector-icons/Fonts/MaterialCommunityIcons.ttf"; sourceTree = "<group>"; };
		71A6695C291D69F800F886BB /* Zocial.ttf */ = {isa = PBXFileReference; lastKnownFileType = file; name = Zocial.ttf; path = "../node_modules/react-native-vector-icons/Fonts/Zocial.ttf"; sourceTree = "<group>"; };
		71A6695D291D69F800F886BB /* Foundation.ttf */ = {isa = PBXFileReference; lastKnownFileType = file; name = Foundation.ttf; path = "../node_modules/react-native-vector-icons/Fonts/Foundation.ttf"; sourceTree = "<group>"; };
		71A6695E291D69F800F886BB /* FontAwesome5_Brands.ttf */ = {isa = PBXFileReference; lastKnownFileType = file; name = FontAwesome5_Brands.ttf; path = "../node_modules/react-native-vector-icons/Fonts/FontAwesome5_Brands.ttf"; sourceTree = "<group>"; };
		71A6695F291D69F800F886BB /* Ionicons.ttf */ = {isa = PBXFileReference; lastKnownFileType = file; name = Ionicons.ttf; path = "../node_modules/react-native-vector-icons/Fonts/Ionicons.ttf"; sourceTree = "<group>"; };
		71A66960291D69F800F886BB /* FontAwesome.ttf */ = {isa = PBXFileReference; lastKnownFileType = file; name = FontAwesome.ttf; path = "../node_modules/react-native-vector-icons/Fonts/FontAwesome.ttf"; sourceTree = "<group>"; };
		71A66961291D69F800F886BB /* MaterialIcons.ttf */ = {isa = PBXFileReference; lastKnownFileType = file; name = MaterialIcons.ttf; path = "../node_modules/react-native-vector-icons/Fonts/MaterialIcons.ttf"; sourceTree = "<group>"; };
		71A66962291D69F800F886BB /* Octicons.ttf */ = {isa = PBXFileReference; lastKnownFileType = file; name = Octicons.ttf; path = "../node_modules/react-native-vector-icons/Fonts/Octicons.ttf"; sourceTree = "<group>"; };
		71A66963291D69F800F886BB /* FontAwesome5_Solid.ttf */ = {isa = PBXFileReference; lastKnownFileType = file; name = FontAwesome5_Solid.ttf; path = "../node_modules/react-native-vector-icons/Fonts/FontAwesome5_Solid.ttf"; sourceTree = "<group>"; };
		71A66964291D69F800F886BB /* SimpleLineIcons.ttf */ = {isa = PBXFileReference; lastKnownFileType = file; name = SimpleLineIcons.ttf; path = "../node_modules/react-native-vector-icons/Fonts/SimpleLineIcons.ttf"; sourceTree = "<group>"; };
		71A66965291D69F900F886BB /* Feather.ttf */ = {isa = PBXFileReference; lastKnownFileType = file; name = Feather.ttf; path = "../node_modules/react-native-vector-icons/Fonts/Feather.ttf"; sourceTree = "<group>"; };
		71A66966291D69F900F886BB /* Fontisto.ttf */ = {isa = PBXFileReference; lastKnownFileType = file; name = Fontisto.ttf; path = "../node_modules/react-native-vector-icons/Fonts/Fontisto.ttf"; sourceTree = "<group>"; };
		71A66967291D69F900F886BB /* AntDesign.ttf */ = {isa = PBXFileReference; lastKnownFileType = file; name = AntDesign.ttf; path = "../node_modules/react-native-vector-icons/Fonts/AntDesign.ttf"; sourceTree = "<group>"; };
		71A66968291D69F900F886BB /* EvilIcons.ttf */ = {isa = PBXFileReference; lastKnownFileType = file; name = EvilIcons.ttf; path = "../node_modules/react-native-vector-icons/Fonts/EvilIcons.ttf"; sourceTree = "<group>"; };
		71A66969291D69F900F886BB /* Entypo.ttf */ = {isa = PBXFileReference; lastKnownFileType = file; name = Entypo.ttf; path = "../node_modules/react-native-vector-icons/Fonts/Entypo.ttf"; sourceTree = "<group>"; };
		71A6696A291D69F900F886BB /* FontAwesome5_Regular.ttf */ = {isa = PBXFileReference; lastKnownFileType = file; name = FontAwesome5_Regular.ttf; path = "../node_modules/react-native-vector-icons/Fonts/FontAwesome5_Regular.ttf"; sourceTree = "<group>"; };
		71A6697D291D9A7000F886BB /* Naikamu.entitlements */ = {isa = PBXFileReference; lastKnownFileType = text.plist.entitlements; name = Naikamu.entitlements; path = Naikamu/Naikamu.entitlements; sourceTree = "<group>"; };
		75882A15E78B4E93BDC6F558 /* Lato-LightItalic.ttf */ = {isa = PBXFileReference; explicitFileType = undefined; fileEncoding = 9; includeInIndex = 0; lastKnownFileType = unknown; name = "Lato-LightItalic.ttf"; path = "../assets/fonts/Lato-LightItalic.ttf"; sourceTree = "<group>"; };
		7FD1A202039C47F7B6472188 /* Catamaran-SemiBold.ttf */ = {isa = PBXFileReference; explicitFileType = undefined; fileEncoding = 9; includeInIndex = 0; lastKnownFileType = unknown; name = "Catamaran-SemiBold.ttf"; path = "../assets/fonts/Catamaran-SemiBold.ttf"; sourceTree = "<group>"; };
		80163236B5044A17A27D24D9 /* Lato-Light.ttf */ = {isa = PBXFileReference; explicitFileType = undefined; fileEncoding = 9; includeInIndex = 0; lastKnownFileType = unknown; name = "Lato-Light.ttf"; path = "../assets/fonts/Lato-Light.ttf"; sourceTree = "<group>"; };
		81AB9BB72411601600AC10FF /* LaunchScreen.storyboard */ = {isa = PBXFileReference; fileEncoding = 4; lastKnownFileType = file.storyboard; name = LaunchScreen.storyboard; path = Naikamu/LaunchScreen.storyboard; sourceTree = "<group>"; };
		85ED07357DE04B329A35C091 /* Roboto-Medium.ttf */ = {isa = PBXFileReference; explicitFileType = undefined; fileEncoding = 9; includeInIndex = 0; lastKnownFileType = unknown; name = "Roboto-Medium.ttf"; path = "../assets/fonts/Roboto-Medium.ttf"; sourceTree = "<group>"; };
		89C6BE57DB24E9ADA2F236DE /* Pods-Naikamu-NaikamuTests.release.xcconfig */ = {isa = PBXFileReference; includeInIndex = 1; lastKnownFileType = text.xcconfig; name = "Pods-Naikamu-NaikamuTests.release.xcconfig"; path = "Target Support Files/Pods-Naikamu-NaikamuTests/Pods-Naikamu-NaikamuTests.release.xcconfig"; sourceTree = "<group>"; };
		8B032D39B19C47D4AD67044E /* Lato-ThinItalic.ttf */ = {isa = PBXFileReference; explicitFileType = undefined; fileEncoding = 9; includeInIndex = 0; lastKnownFileType = unknown; name = "Lato-ThinItalic.ttf"; path = "../assets/fonts/Lato-ThinItalic.ttf"; sourceTree = "<group>"; };
		8CAD5F0ECF8EEC93E33F9011 /* Pods-NaikamuCommonPods-NaikamuStg.debug.xcconfig */ = {isa = PBXFileReference; includeInIndex = 1; lastKnownFileType = text.xcconfig; name = "Pods-NaikamuCommonPods-NaikamuStg.debug.xcconfig"; path = "Target Support Files/Pods-NaikamuCommonPods-NaikamuStg/Pods-NaikamuCommonPods-NaikamuStg.debug.xcconfig"; sourceTree = "<group>"; };
		8D71085D7457427898DF11B4 /* Catamaran-Regular.ttf */ = {isa = PBXFileReference; explicitFileType = undefined; fileEncoding = 9; includeInIndex = 0; lastKnownFileType = unknown; name = "Catamaran-Regular.ttf"; path = "../assets/fonts/Catamaran-Regular.ttf"; sourceTree = "<group>"; };
		8E244B65C608B81A719C7980 /* Pods-NaikamuCommonPods-NaikamuStg.release.xcconfig */ = {isa = PBXFileReference; includeInIndex = 1; lastKnownFileType = text.xcconfig; name = "Pods-NaikamuCommonPods-NaikamuStg.release.xcconfig"; path = "Target Support Files/Pods-NaikamuCommonPods-NaikamuStg/Pods-NaikamuCommonPods-NaikamuStg.release.xcconfig"; sourceTree = "<group>"; };
		8FE82E0CD7667A78B50CD304 /* Pods_NaikamuCommonPods_NaikamuStg.framework */ = {isa = PBXFileReference; explicitFileType = wrapper.framework; includeInIndex = 0; path = Pods_NaikamuCommonPods_NaikamuStg.framework; sourceTree = BUILT_PRODUCTS_DIR; };
		9678A98687FD49407F5CA3DC /* Pods-NaikamuCommonPods-NaikamuDev.debug.xcconfig */ = {isa = PBXFileReference; includeInIndex = 1; lastKnownFileType = text.xcconfig; name = "Pods-NaikamuCommonPods-NaikamuDev.debug.xcconfig"; path = "Target Support Files/Pods-NaikamuCommonPods-NaikamuDev/Pods-NaikamuCommonPods-NaikamuDev.debug.xcconfig"; sourceTree = "<group>"; };
		9AF49667AA8B4F3085380A85 /* Roboto-Thin.ttf */ = {isa = PBXFileReference; explicitFileType = undefined; fileEncoding = 9; includeInIndex = 0; lastKnownFileType = unknown; name = "Roboto-Thin.ttf"; path = "../assets/fonts/Roboto-Thin.ttf"; sourceTree = "<group>"; };
		9CABD8BBE42B4EAAB0908A77 /* Catamaran-ExtraBold.ttf */ = {isa = PBXFileReference; explicitFileType = undefined; fileEncoding = 9; includeInIndex = 0; lastKnownFileType = unknown; name = "Catamaran-ExtraBold.ttf"; path = "../assets/fonts/Catamaran-ExtraBold.ttf"; sourceTree = "<group>"; };
		A15CF30A2AD030C0004A53F3 /* NaikamuStg.app */ = {isa = PBXFileReference; explicitFileType = wrapper.application; includeInIndex = 0; path = NaikamuStg.app; sourceTree = BUILT_PRODUCTS_DIR; };
		A15CF30B2AD030C0004A53F3 /* Naikamu stg-Info.plist */ = {isa = PBXFileReference; lastKnownFileType = text.plist.xml; name = "Naikamu stg-Info.plist"; path = "/Users/konrad.chwesiuk/Documents/GitHub/AniWatch/apps/mobile/ios/Naikamu stg-Info.plist"; sourceTree = "<absolute>"; };
		A15CF33F2AD030C3004A53F3 /* NaikamuDev.app */ = {isa = PBXFileReference; explicitFileType = wrapper.application; includeInIndex = 0; path = NaikamuDev.app; sourceTree = BUILT_PRODUCTS_DIR; };
		A15CF3402AD030C3004A53F3 /* Naikamu dev-Info.plist */ = {isa = PBXFileReference; lastKnownFileType = text.plist.xml; name = "Naikamu dev-Info.plist"; path = "/Users/konrad.chwesiuk/Documents/GitHub/AniWatch/apps/mobile/ios/Naikamu dev-Info.plist"; sourceTree = "<absolute>"; };
		A15CF3412AD17C77004A53F3 /* GoogleService-Info.plist */ = {isa = PBXFileReference; fileEncoding = 4; lastKnownFileType = text.plist.xml; path = "GoogleService-Info.plist"; sourceTree = "<group>"; };
		A15CF3432AD17C82004A53F3 /* GoogleService-Info.plist */ = {isa = PBXFileReference; fileEncoding = 4; lastKnownFileType = text.plist.xml; path = "GoogleService-Info.plist"; sourceTree = "<group>"; };
		A15CF3452AD17C8B004A53F3 /* GoogleService-Info.plist */ = {isa = PBXFileReference; fileEncoding = 4; lastKnownFileType = text.plist.xml; path = "GoogleService-Info.plist"; sourceTree = "<group>"; };
		BCDB922956DD4A088BB38541 /* Roboto-Regular.ttf */ = {isa = PBXFileReference; explicitFileType = undefined; fileEncoding = 9; includeInIndex = 0; lastKnownFileType = unknown; name = "Roboto-Regular.ttf"; path = "../assets/fonts/Roboto-Regular.ttf"; sourceTree = "<group>"; };
		BD10419163E143AD9C8A5D34 /* Lato-BoldItalic.ttf */ = {isa = PBXFileReference; explicitFileType = undefined; fileEncoding = 9; includeInIndex = 0; lastKnownFileType = unknown; name = "Lato-BoldItalic.ttf"; path = "../assets/fonts/Lato-BoldItalic.ttf"; sourceTree = "<group>"; };
		C7E85770909F4FE59E7BED83 /* Catamaran-Bold.ttf */ = {isa = PBXFileReference; explicitFileType = undefined; fileEncoding = 9; includeInIndex = 0; lastKnownFileType = unknown; name = "Catamaran-Bold.ttf"; path = "../assets/fonts/Catamaran-Bold.ttf"; sourceTree = "<group>"; };
		D1B11D4CAF0D40EC98F2060F /* Roboto-LightItalic.ttf */ = {isa = PBXFileReference; explicitFileType = undefined; fileEncoding = 9; includeInIndex = 0; lastKnownFileType = unknown; name = "Roboto-LightItalic.ttf"; path = "../assets/fonts/Roboto-LightItalic.ttf"; sourceTree = "<group>"; };
		DA37467180CA417CAFD9CE53 /* Roboto-MediumItalic.ttf */ = {isa = PBXFileReference; explicitFileType = undefined; fileEncoding = 9; includeInIndex = 0; lastKnownFileType = unknown; name = "Roboto-MediumItalic.ttf"; path = "../assets/fonts/Roboto-MediumItalic.ttf"; sourceTree = "<group>"; };
		DA9068E93D7E4594A3AAF98C /* Lato-Italic.ttf */ = {isa = PBXFileReference; explicitFileType = undefined; fileEncoding = 9; includeInIndex = 0; lastKnownFileType = unknown; name = "Lato-Italic.ttf"; path = "../assets/fonts/Lato-Italic.ttf"; sourceTree = "<group>"; };
		E7D1975A2C084394AE17E3F6 /* Lato-BlackItalic.ttf */ = {isa = PBXFileReference; explicitFileType = undefined; fileEncoding = 9; includeInIndex = 0; lastKnownFileType = unknown; name = "Lato-BlackItalic.ttf"; path = "../assets/fonts/Lato-BlackItalic.ttf"; sourceTree = "<group>"; };
		ED297162215061F000B7C4FE /* JavaScriptCore.framework */ = {isa = PBXFileReference; lastKnownFileType = wrapper.framework; name = JavaScriptCore.framework; path = System/Library/Frameworks/JavaScriptCore.framework; sourceTree = SDKROOT; };
		ED74041D21C943FD95118230 /* Catamaran-ExtraLight.ttf */ = {isa = PBXFileReference; explicitFileType = undefined; fileEncoding = 9; includeInIndex = 0; lastKnownFileType = unknown; name = "Catamaran-ExtraLight.ttf"; path = "../assets/fonts/Catamaran-ExtraLight.ttf"; sourceTree = "<group>"; };
		ED7A44F363AEE01F9684DBCA /* Pods-NaikamuCommonPods-Naikamu.release.xcconfig */ = {isa = PBXFileReference; includeInIndex = 1; lastKnownFileType = text.xcconfig; name = "Pods-NaikamuCommonPods-Naikamu.release.xcconfig"; path = "Target Support Files/Pods-NaikamuCommonPods-Naikamu/Pods-NaikamuCommonPods-Naikamu.release.xcconfig"; sourceTree = "<group>"; };
		F21D0DDDB5F3F8E59B342B36 /* Pods-NaikamuCommonPods-NaikamuTests.release.xcconfig */ = {isa = PBXFileReference; includeInIndex = 1; lastKnownFileType = text.xcconfig; name = "Pods-NaikamuCommonPods-NaikamuTests.release.xcconfig"; path = "Target Support Files/Pods-NaikamuCommonPods-NaikamuTests/Pods-NaikamuCommonPods-NaikamuTests.release.xcconfig"; sourceTree = "<group>"; };
		F4B826367DAD42A0A2513C4F /* Catamaran-Black.ttf */ = {isa = PBXFileReference; explicitFileType = undefined; fileEncoding = 9; includeInIndex = 0; lastKnownFileType = unknown; name = "Catamaran-Black.ttf"; path = "../assets/fonts/Catamaran-Black.ttf"; sourceTree = "<group>"; };
		FD902C146ADA4233B9315BC0 /* Lato-Black.ttf */ = {isa = PBXFileReference; explicitFileType = undefined; fileEncoding = 9; includeInIndex = 0; lastKnownFileType = unknown; name = "Lato-Black.ttf"; path = "../assets/fonts/Lato-Black.ttf"; sourceTree = "<group>"; };
/* End PBXFileReference section */

/* Begin PBXFrameworksBuildPhase section */
		00E356EB1AD99517003FC87E /* Frameworks */ = {
			isa = PBXFrameworksBuildPhase;
			buildActionMask = 2147483647;
			files = (
				4756DAD2C51C36A54255102E /* Pods_NaikamuCommonPods_NaikamuTests.framework in Frameworks */,
			);
			runOnlyForDeploymentPostprocessing = 0;
		};
		13B07F8C1A680F5B00A75B9A /* Frameworks */ = {
			isa = PBXFrameworksBuildPhase;
			buildActionMask = 2147483647;
			files = (
				F703965D4445964421D4B5AB /* Pods_NaikamuCommonPods_Naikamu.framework in Frameworks */,
			);
			runOnlyForDeploymentPostprocessing = 0;
		};
		A15CF2DD2AD030C0004A53F3 /* Frameworks */ = {
			isa = PBXFrameworksBuildPhase;
			buildActionMask = 2147483647;
			files = (
				5F4B2422327CB9B3EA844A7F /* Pods_NaikamuCommonPods_NaikamuStg.framework in Frameworks */,
			);
			runOnlyForDeploymentPostprocessing = 0;
		};
		A15CF3122AD030C3004A53F3 /* Frameworks */ = {
			isa = PBXFrameworksBuildPhase;
			buildActionMask = 2147483647;
			files = (
				D96C3ABFCEAAD7A7F26554E9 /* Pods_NaikamuCommonPods_NaikamuDev.framework in Frameworks */,
			);
			runOnlyForDeploymentPostprocessing = 0;
		};
/* End PBXFrameworksBuildPhase section */

/* Begin PBXGroup section */
		00E356EF1AD99517003FC87E /* NaikamuTests */ = {
			isa = PBXGroup;
			children = (
				00E356F21AD99517003FC87E /* NaikamuTests.m */,
				00E356F01AD99517003FC87E /* Supporting Files */,
			);
			path = NaikamuTests;
			sourceTree = "<group>";
		};
		00E356F01AD99517003FC87E /* Supporting Files */ = {
			isa = PBXGroup;
			children = (
				00E356F11AD99517003FC87E /* Info.plist */,
			);
			name = "Supporting Files";
			sourceTree = "<group>";
		};
		13B07FAE1A68108700A75B9A /* Naikamu */ = {
			isa = PBXGroup;
			children = (
				A1019C6C2ADDA0E500AD0BD0 /* GoogleService */,
				71A6697D291D9A7000F886BB /* Naikamu.entitlements */,
				71A6695A291D696300F886BB /* Fonts */,
				13B07FAF1A68108700A75B9A /* AppDelegate.h */,
				13B07FB01A68108700A75B9A /* AppDelegate.mm */,
				13B07FB51A68108700A75B9A /* Images.xcassets */,
				13B07FB61A68108700A75B9A /* Info.plist */,
				81AB9BB72411601600AC10FF /* LaunchScreen.storyboard */,
				13B07FB71A68108700A75B9A /* main.m */,
			);
			name = Naikamu;
			sourceTree = "<group>";
		};
		2A9AC68FCDE94559844784B8 /* Resources */ = {
			isa = PBXGroup;
			children = (
				F4B826367DAD42A0A2513C4F /* Catamaran-Black.ttf */,
				C7E85770909F4FE59E7BED83 /* Catamaran-Bold.ttf */,
				9CABD8BBE42B4EAAB0908A77 /* Catamaran-ExtraBold.ttf */,
				ED74041D21C943FD95118230 /* Catamaran-ExtraLight.ttf */,
				254CC1DA3BCB4572AB6A7438 /* Catamaran-Light.ttf */,
				670EFE93C70145668E9C2065 /* Catamaran-Medium.ttf */,
				8D71085D7457427898DF11B4 /* Catamaran-Regular.ttf */,
				7FD1A202039C47F7B6472188 /* Catamaran-SemiBold.ttf */,
				406C6BD55A144E08AE4A3822 /* Catamaran-Thin.ttf */,
				FD902C146ADA4233B9315BC0 /* Lato-Black.ttf */,
				E7D1975A2C084394AE17E3F6 /* Lato-BlackItalic.ttf */,
				4F95CC7444254F9185C3D6DB /* Lato-Bold.ttf */,
				BD10419163E143AD9C8A5D34 /* Lato-BoldItalic.ttf */,
				DA9068E93D7E4594A3AAF98C /* Lato-Italic.ttf */,
				80163236B5044A17A27D24D9 /* Lato-Light.ttf */,
				75882A15E78B4E93BDC6F558 /* Lato-LightItalic.ttf */,
				1FD77B6A286A41C6AC1AA67C /* Lato-Regular.ttf */,
				55F07AB0844D42FC88762E10 /* Lato-Thin.ttf */,
				8B032D39B19C47D4AD67044E /* Lato-ThinItalic.ttf */,
				0D722AAC2E2A4461AA251045 /* Roboto-Black.ttf */,
				11A7198A343E4670BF726623 /* Roboto-BlackItalic.ttf */,
				08BA40FEC53844C7897FC2CC /* Roboto-Bold.ttf */,
				5E6E6FDFD75A4FA0A0837D2D /* Roboto-BoldItalic.ttf */,
				453E3B50956848518BF62D31 /* Roboto-Italic.ttf */,
				3E849A2188CC41DBAA5F52A5 /* Roboto-Light.ttf */,
				D1B11D4CAF0D40EC98F2060F /* Roboto-LightItalic.ttf */,
				85ED07357DE04B329A35C091 /* Roboto-Medium.ttf */,
				DA37467180CA417CAFD9CE53 /* Roboto-MediumItalic.ttf */,
				BCDB922956DD4A088BB38541 /* Roboto-Regular.ttf */,
				9AF49667AA8B4F3085380A85 /* Roboto-Thin.ttf */,
				2754ACDABB0E42EFB53D6194 /* Roboto-ThinItalic.ttf */,
			);
			name = Resources;
			sourceTree = "<group>";
		};
		2D16E6871FA4F8E400B85C8A /* Frameworks */ = {
			isa = PBXGroup;
			children = (
				ED297162215061F000B7C4FE /* JavaScriptCore.framework */,
				5EC2B1E1A78190ADB77F227A /* Pods_NaikamuCommonPods_Naikamu.framework */,
				143A0B6072196EC648E080BB /* Pods_NaikamuCommonPods_NaikamuDev.framework */,
				8FE82E0CD7667A78B50CD304 /* Pods_NaikamuCommonPods_NaikamuStg.framework */,
				3766FF4D52101B8CA094C6E7 /* Pods_NaikamuCommonPods_NaikamuTests.framework */,
			);
			name = Frameworks;
			sourceTree = "<group>";
		};
		71A6695A291D696300F886BB /* Fonts */ = {
			isa = PBXGroup;
			children = (
				71A66967291D69F900F886BB /* AntDesign.ttf */,
				71A66969291D69F900F886BB /* Entypo.ttf */,
				71A66968291D69F900F886BB /* EvilIcons.ttf */,
				71A66965291D69F900F886BB /* Feather.ttf */,
				71A66960291D69F800F886BB /* FontAwesome.ttf */,
				71A6695E291D69F800F886BB /* FontAwesome5_Brands.ttf */,
				71A6696A291D69F900F886BB /* FontAwesome5_Regular.ttf */,
				71A66963291D69F800F886BB /* FontAwesome5_Solid.ttf */,
				71A66966291D69F900F886BB /* Fontisto.ttf */,
				71A6695D291D69F800F886BB /* Foundation.ttf */,
				71A6695F291D69F800F886BB /* Ionicons.ttf */,
				71A6695B291D69F800F886BB /* MaterialCommunityIcons.ttf */,
				71A66961291D69F800F886BB /* MaterialIcons.ttf */,
				71A66962291D69F800F886BB /* Octicons.ttf */,
				71A66964291D69F800F886BB /* SimpleLineIcons.ttf */,
				71A6695C291D69F800F886BB /* Zocial.ttf */,
			);
			name = Fonts;
			sourceTree = "<group>";
		};
		832341AE1AAA6A7D00B99B32 /* Libraries */ = {
			isa = PBXGroup;
			children = (
			);
			name = Libraries;
			sourceTree = "<group>";
		};
		83CBB9F61A601CBA00E9B192 = {
			isa = PBXGroup;
			children = (
				13B07FAE1A68108700A75B9A /* Naikamu */,
				832341AE1AAA6A7D00B99B32 /* Libraries */,
				00E356EF1AD99517003FC87E /* NaikamuTests */,
				83CBBA001A601CBA00E9B192 /* Products */,
				2D16E6871FA4F8E400B85C8A /* Frameworks */,
				BBD78D7AC51CEA395F1C20DB /* Pods */,
				2A9AC68FCDE94559844784B8 /* Resources */,
				A15CF30B2AD030C0004A53F3 /* Naikamu stg-Info.plist */,
				A15CF3402AD030C3004A53F3 /* Naikamu dev-Info.plist */,
			);
			indentWidth = 2;
			sourceTree = "<group>";
			tabWidth = 2;
			usesTabs = 0;
		};
		83CBBA001A601CBA00E9B192 /* Products */ = {
			isa = PBXGroup;
			children = (
				13B07F961A680F5B00A75B9A /* Naikamu.app */,
				00E356EE1AD99517003FC87E /* NaikamuTests.xctest */,
				A15CF30A2AD030C0004A53F3 /* NaikamuStg.app */,
				A15CF33F2AD030C3004A53F3 /* NaikamuDev.app */,
			);
			name = Products;
			sourceTree = "<group>";
		};
		A1019C6B2ADDA0DB00AD0BD0 /* Dev */ = {
			isa = PBXGroup;
			children = (
				A15CF3432AD17C82004A53F3 /* GoogleService-Info.plist */,
			);
			path = Dev;
			sourceTree = "<group>";
		};
		A1019C6C2ADDA0E500AD0BD0 /* GoogleService */ = {
			isa = PBXGroup;
			children = (
				A1019C6E2ADDA10000AD0BD0 /* Prod */,
				A1019C6D2ADDA0F200AD0BD0 /* Stg */,
				A1019C6B2ADDA0DB00AD0BD0 /* Dev */,
			);
			name = GoogleService;
			sourceTree = "<group>";
		};
		A1019C6D2ADDA0F200AD0BD0 /* Stg */ = {
			isa = PBXGroup;
			children = (
				A15CF3452AD17C8B004A53F3 /* GoogleService-Info.plist */,
			);
			name = Stg;
			sourceTree = "<group>";
		};
		A1019C6E2ADDA10000AD0BD0 /* Prod */ = {
			isa = PBXGroup;
			children = (
				A15CF3412AD17C77004A53F3 /* GoogleService-Info.plist */,
			);
			path = Prod;
			sourceTree = "<group>";
		};
		BBD78D7AC51CEA395F1C20DB /* Pods */ = {
			isa = PBXGroup;
			children = (
				3B4392A12AC88292D35C810B /* Pods-Naikamu.debug.xcconfig */,
				5709B34CF0A7D63546082F79 /* Pods-Naikamu.release.xcconfig */,
				5B7EB9410499542E8C5724F5 /* Pods-Naikamu-NaikamuTests.debug.xcconfig */,
				89C6BE57DB24E9ADA2F236DE /* Pods-Naikamu-NaikamuTests.release.xcconfig */,
				3CACAB495B78CA0322E3F49A /* Pods-NaikamuCommonPods-Naikamu.debug.xcconfig */,
				ED7A44F363AEE01F9684DBCA /* Pods-NaikamuCommonPods-Naikamu.release.xcconfig */,
				9678A98687FD49407F5CA3DC /* Pods-NaikamuCommonPods-NaikamuDev.debug.xcconfig */,
				5141AFEABEEA5F2252EB7546 /* Pods-NaikamuCommonPods-NaikamuDev.release.xcconfig */,
				8CAD5F0ECF8EEC93E33F9011 /* Pods-NaikamuCommonPods-NaikamuStg.debug.xcconfig */,
				8E244B65C608B81A719C7980 /* Pods-NaikamuCommonPods-NaikamuStg.release.xcconfig */,
				6A130072470CB5F9251EE342 /* Pods-NaikamuCommonPods-NaikamuTests.debug.xcconfig */,
				F21D0DDDB5F3F8E59B342B36 /* Pods-NaikamuCommonPods-NaikamuTests.release.xcconfig */,
			);
			path = Pods;
			sourceTree = "<group>";
		};
/* End PBXGroup section */

/* Begin PBXNativeTarget section */
		00E356ED1AD99517003FC87E /* NaikamuTests */ = {
			isa = PBXNativeTarget;
			buildConfigurationList = 00E357021AD99517003FC87E /* Build configuration list for PBXNativeTarget "NaikamuTests" */;
			buildPhases = (
				A55EABD7B0C7F3A422A6CC61 /* [CP] Check Pods Manifest.lock */,
				00E356EA1AD99517003FC87E /* Sources */,
				00E356EB1AD99517003FC87E /* Frameworks */,
				00E356EC1AD99517003FC87E /* Resources */,
				C59DA0FBD6956966B86A3779 /* [CP] Embed Pods Frameworks */,
				F6A41C54EA430FDDC6A6ED99 /* [CP] Copy Pods Resources */,
			);
			buildRules = (
			);
			dependencies = (
				00E356F51AD99517003FC87E /* PBXTargetDependency */,
			);
			name = NaikamuTests;
			productName = NaikamuTests;
			productReference = 00E356EE1AD99517003FC87E /* NaikamuTests.xctest */;
			productType = "com.apple.product-type.bundle.unit-test";
		};
		13B07F861A680F5B00A75B9A /* Naikamu */ = {
			isa = PBXNativeTarget;
			buildConfigurationList = 13B07F931A680F5B00A75B9A /* Build configuration list for PBXNativeTarget "Naikamu" */;
			buildPhases = (
				C38B50BA6285516D6DCD4F65 /* [CP] Check Pods Manifest.lock */,
				FD10A7F022414F080027D42C /* Start Packager */,
				13B07F871A680F5B00A75B9A /* Sources */,
				13B07F8C1A680F5B00A75B9A /* Frameworks */,
				13B07F8E1A680F5B00A75B9A /* Resources */,
				00DD1BFF1BD5951E006B06BC /* Bundle React Native code and images */,
				00EEFC60759A1932668264C0 /* [CP] Embed Pods Frameworks */,
				E235C05ADACE081382539298 /* [CP] Copy Pods Resources */,
				89E5F422E68F48508D465EA0 /* Upload Debug Symbols to Sentry */,
			);
			buildRules = (
			);
			dependencies = (
			);
			name = Naikamu;
			productName = Naikamu;
			productReference = 13B07F961A680F5B00A75B9A /* Naikamu.app */;
			productType = "com.apple.product-type.application";
		};
		A15CF2D72AD030C0004A53F3 /* NaikamuStg */ = {
			isa = PBXNativeTarget;
			buildConfigurationList = A15CF3072AD030C0004A53F3 /* Build configuration list for PBXNativeTarget "NaikamuStg" */;
			buildPhases = (
				A15CF2D82AD030C0004A53F3 /* [CP] Check Pods Manifest.lock */,
				A15CF2D92AD030C0004A53F3 /* Start Packager */,
				A15CF2DA2AD030C0004A53F3 /* Sources */,
				A15CF2DD2AD030C0004A53F3 /* Frameworks */,
				A15CF2DF2AD030C0004A53F3 /* Resources */,
				A15CF3022AD030C0004A53F3 /* Bundle React Native code and images */,
				A15CF3032AD030C0004A53F3 /* [CP] Embed Pods Frameworks */,
				A15CF3042AD030C0004A53F3 /* [CP] Copy Pods Resources */,
			);
			buildRules = (
			);
			dependencies = (
			);
			name = NaikamuStg;
			productName = Naikamu;
			productReference = A15CF30A2AD030C0004A53F3 /* NaikamuStg.app */;
			productType = "com.apple.product-type.application";
		};
		A15CF30C2AD030C3004A53F3 /* NaikamuDev */ = {
			isa = PBXNativeTarget;
			buildConfigurationList = A15CF33C2AD030C3004A53F3 /* Build configuration list for PBXNativeTarget "NaikamuDev" */;
			buildPhases = (
				A15CF30D2AD030C3004A53F3 /* [CP] Check Pods Manifest.lock */,
				A15CF30E2AD030C3004A53F3 /* Start Packager */,
				A15CF30F2AD030C3004A53F3 /* Sources */,
				A15CF3122AD030C3004A53F3 /* Frameworks */,
				A15CF3142AD030C3004A53F3 /* Resources */,
				A15CF3372AD030C3004A53F3 /* Bundle React Native code and images */,
				A15CF3382AD030C3004A53F3 /* [CP] Embed Pods Frameworks */,
				A15CF3392AD030C3004A53F3 /* [CP] Copy Pods Resources */,
			);
			buildRules = (
			);
			dependencies = (
			);
			name = NaikamuDev;
			productName = Naikamu;
			productReference = A15CF33F2AD030C3004A53F3 /* NaikamuDev.app */;
			productType = "com.apple.product-type.application";
		};
/* End PBXNativeTarget section */

/* Begin PBXProject section */
		83CBB9F71A601CBA00E9B192 /* Project object */ = {
			isa = PBXProject;
			attributes = {
				LastUpgradeCheck = 1210;
				TargetAttributes = {
					00E356ED1AD99517003FC87E = {
						CreatedOnToolsVersion = 6.2;
						TestTargetID = 13B07F861A680F5B00A75B9A;
					};
					13B07F861A680F5B00A75B9A = {
						LastSwiftMigration = 1120;
					};
				};
			};
			buildConfigurationList = 83CBB9FA1A601CBA00E9B192 /* Build configuration list for PBXProject "Naikamu" */;
			compatibilityVersion = "Xcode 12.0";
			developmentRegion = en;
			hasScannedForEncodings = 0;
			knownRegions = (
				en,
				Base,
			);
			mainGroup = 83CBB9F61A601CBA00E9B192;
			productRefGroup = 83CBBA001A601CBA00E9B192 /* Products */;
			projectDirPath = "";
			projectRoot = "";
			targets = (
				13B07F861A680F5B00A75B9A /* Naikamu */,
				00E356ED1AD99517003FC87E /* NaikamuTests */,
				A15CF2D72AD030C0004A53F3 /* NaikamuStg */,
				A15CF30C2AD030C3004A53F3 /* NaikamuDev */,
			);
		};
/* End PBXProject section */

/* Begin PBXResourcesBuildPhase section */
		00E356EC1AD99517003FC87E /* Resources */ = {
			isa = PBXResourcesBuildPhase;
			buildActionMask = 2147483647;
			files = (
			);
			runOnlyForDeploymentPostprocessing = 0;
		};
		13B07F8E1A680F5B00A75B9A /* Resources */ = {
			isa = PBXResourcesBuildPhase;
			buildActionMask = 2147483647;
			files = (
				81AB9BB82411601600AC10FF /* LaunchScreen.storyboard in Resources */,
				13B07FBF1A68108700A75B9A /* Images.xcassets in Resources */,
				E0C20091273041DEA398D515 /* Catamaran-Black.ttf in Resources */,
				9053529D6E704CEB89501E55 /* Catamaran-Bold.ttf in Resources */,
				31A9F4719B6B4B54AA1477D0 /* Catamaran-ExtraBold.ttf in Resources */,
				01E4E63CF21B47B4BA43B10D /* Catamaran-ExtraLight.ttf in Resources */,
				D33F4CEACB654D33BE219F5B /* Catamaran-Light.ttf in Resources */,
				95923EB29FD04319B4B158D3 /* Catamaran-Medium.ttf in Resources */,
				1DD27001EC9E41BDAA6B29A4 /* Catamaran-Regular.ttf in Resources */,
				8AC332D88D1E45F7B17A7872 /* Catamaran-SemiBold.ttf in Resources */,
				0A85E2C812754F329B57767E /* Catamaran-Thin.ttf in Resources */,
				6B6D0C0D54624C61954B2C00 /* Lato-Black.ttf in Resources */,
				BB52E950580D4DC084B58B83 /* Lato-BlackItalic.ttf in Resources */,
				E301B42766134028865FA7F3 /* Lato-Bold.ttf in Resources */,
				C2867B7E972E4BB092B35A8B /* Lato-BoldItalic.ttf in Resources */,
				CE332313A1414F0FBD907164 /* Lato-Italic.ttf in Resources */,
				72330FFA197C43E7BE7CA8F6 /* Lato-Light.ttf in Resources */,
				FA60D2E3FE0746DC9233AE23 /* Lato-LightItalic.ttf in Resources */,
				FB7CE767B2C4411FBDF605E0 /* Lato-Regular.ttf in Resources */,
				05C5AD394AF849818EEC2F72 /* Lato-Thin.ttf in Resources */,
				8A46C10B8AF547E89DDF9222 /* Lato-ThinItalic.ttf in Resources */,
				75FA41FF6E42494EB414ECA8 /* Roboto-Black.ttf in Resources */,
				DB2F5B1E8DF94FE49FF6548E /* Roboto-BlackItalic.ttf in Resources */,
				F368B2AB8E974A76A43BDDEF /* Roboto-Bold.ttf in Resources */,
				77DCCD2CDDE94DE89DB8CDC3 /* Roboto-BoldItalic.ttf in Resources */,
				CB25E356788A4F119F1EDE8F /* Roboto-Italic.ttf in Resources */,
				DB6B33ACD4644DEAB3F408C0 /* Roboto-Light.ttf in Resources */,
				CFFE76A268C648B58EBB3320 /* Roboto-LightItalic.ttf in Resources */,
				C55D25A767764655B7AB7B6C /* Roboto-Medium.ttf in Resources */,
				A1019C6F2ADDA12500AD0BD0 /* GoogleService-Info.plist in Resources */,
				5BEBB4A448C54542BE856AB3 /* Roboto-MediumItalic.ttf in Resources */,
				FD6E4AA790FE404BB44544E7 /* Roboto-Regular.ttf in Resources */,
				2C428F9E5A804BD18C21935C /* Roboto-Thin.ttf in Resources */,
				179EAAE8DA884DB093C686DD /* Roboto-ThinItalic.ttf in Resources */,
			);
			runOnlyForDeploymentPostprocessing = 0;
		};
		A15CF2DF2AD030C0004A53F3 /* Resources */ = {
			isa = PBXResourcesBuildPhase;
			buildActionMask = 2147483647;
			files = (
				A15CF2E02AD030C0004A53F3 /* LaunchScreen.storyboard in Resources */,
				A15CF2E22AD030C0004A53F3 /* Images.xcassets in Resources */,
				A15CF2E32AD030C0004A53F3 /* Catamaran-Black.ttf in Resources */,
				A15CF2E42AD030C0004A53F3 /* Catamaran-Bold.ttf in Resources */,
				A15CF2E52AD030C0004A53F3 /* Catamaran-ExtraBold.ttf in Resources */,
				A15CF2E62AD030C0004A53F3 /* Catamaran-ExtraLight.ttf in Resources */,
				A15CF2E72AD030C0004A53F3 /* Catamaran-Light.ttf in Resources */,
				A15CF2E82AD030C0004A53F3 /* Catamaran-Medium.ttf in Resources */,
				A15CF2E92AD030C0004A53F3 /* Catamaran-Regular.ttf in Resources */,
				A15CF2EA2AD030C0004A53F3 /* Catamaran-SemiBold.ttf in Resources */,
				A15CF2EB2AD030C0004A53F3 /* Catamaran-Thin.ttf in Resources */,
				A15CF2EC2AD030C0004A53F3 /* Lato-Black.ttf in Resources */,
				A15CF2ED2AD030C0004A53F3 /* Lato-BlackItalic.ttf in Resources */,
				A15CF2EE2AD030C0004A53F3 /* Lato-Bold.ttf in Resources */,
				A15CF2EF2AD030C0004A53F3 /* Lato-BoldItalic.ttf in Resources */,
				A15CF2F02AD030C0004A53F3 /* Lato-Italic.ttf in Resources */,
				A15CF2F12AD030C0004A53F3 /* Lato-Light.ttf in Resources */,
				A15CF2F22AD030C0004A53F3 /* Lato-LightItalic.ttf in Resources */,
				A15CF2F32AD030C0004A53F3 /* Lato-Regular.ttf in Resources */,
				A15CF2F42AD030C0004A53F3 /* Lato-Thin.ttf in Resources */,
				A15CF2F52AD030C0004A53F3 /* Lato-ThinItalic.ttf in Resources */,
				A15CF2F62AD030C0004A53F3 /* Roboto-Black.ttf in Resources */,
				A15CF2F72AD030C0004A53F3 /* Roboto-BlackItalic.ttf in Resources */,
				A15CF2F82AD030C0004A53F3 /* Roboto-Bold.ttf in Resources */,
				A15CF2F92AD030C0004A53F3 /* Roboto-BoldItalic.ttf in Resources */,
				A15CF2FA2AD030C0004A53F3 /* Roboto-Italic.ttf in Resources */,
				A15CF2FB2AD030C0004A53F3 /* Roboto-Light.ttf in Resources */,
				A15CF2FC2AD030C0004A53F3 /* Roboto-LightItalic.ttf in Resources */,
				A15CF2FD2AD030C0004A53F3 /* Roboto-Medium.ttf in Resources */,
				A1019C702ADDA12900AD0BD0 /* GoogleService-Info.plist in Resources */,
				A15CF2FE2AD030C0004A53F3 /* Roboto-MediumItalic.ttf in Resources */,
				A15CF2FF2AD030C0004A53F3 /* Roboto-Regular.ttf in Resources */,
				A15CF3002AD030C0004A53F3 /* Roboto-Thin.ttf in Resources */,
				A15CF3012AD030C0004A53F3 /* Roboto-ThinItalic.ttf in Resources */,
			);
			runOnlyForDeploymentPostprocessing = 0;
		};
		A15CF3142AD030C3004A53F3 /* Resources */ = {
			isa = PBXResourcesBuildPhase;
			buildActionMask = 2147483647;
			files = (
				A15CF3152AD030C3004A53F3 /* LaunchScreen.storyboard in Resources */,
				A15CF3172AD030C3004A53F3 /* Images.xcassets in Resources */,
				A15CF3182AD030C3004A53F3 /* Catamaran-Black.ttf in Resources */,
				A15CF3192AD030C3004A53F3 /* Catamaran-Bold.ttf in Resources */,
				A15CF31A2AD030C3004A53F3 /* Catamaran-ExtraBold.ttf in Resources */,
				A15CF31B2AD030C3004A53F3 /* Catamaran-ExtraLight.ttf in Resources */,
				A15CF31C2AD030C3004A53F3 /* Catamaran-Light.ttf in Resources */,
				A15CF31D2AD030C3004A53F3 /* Catamaran-Medium.ttf in Resources */,
				A15CF31E2AD030C3004A53F3 /* Catamaran-Regular.ttf in Resources */,
				A15CF31F2AD030C3004A53F3 /* Catamaran-SemiBold.ttf in Resources */,
				A15CF3202AD030C3004A53F3 /* Catamaran-Thin.ttf in Resources */,
				A15CF3212AD030C3004A53F3 /* Lato-Black.ttf in Resources */,
				A15CF3222AD030C3004A53F3 /* Lato-BlackItalic.ttf in Resources */,
				A15CF3232AD030C3004A53F3 /* Lato-Bold.ttf in Resources */,
				A15CF3242AD030C3004A53F3 /* Lato-BoldItalic.ttf in Resources */,
				A15CF3252AD030C3004A53F3 /* Lato-Italic.ttf in Resources */,
				A15CF3262AD030C3004A53F3 /* Lato-Light.ttf in Resources */,
				A15CF3272AD030C3004A53F3 /* Lato-LightItalic.ttf in Resources */,
				A15CF3282AD030C3004A53F3 /* Lato-Regular.ttf in Resources */,
				A15CF3292AD030C3004A53F3 /* Lato-Thin.ttf in Resources */,
				A15CF32A2AD030C3004A53F3 /* Lato-ThinItalic.ttf in Resources */,
				A15CF32B2AD030C3004A53F3 /* Roboto-Black.ttf in Resources */,
				A15CF32C2AD030C3004A53F3 /* Roboto-BlackItalic.ttf in Resources */,
				A15CF32D2AD030C3004A53F3 /* Roboto-Bold.ttf in Resources */,
				A15CF32E2AD030C3004A53F3 /* Roboto-BoldItalic.ttf in Resources */,
				A15CF32F2AD030C3004A53F3 /* Roboto-Italic.ttf in Resources */,
				A15CF3302AD030C3004A53F3 /* Roboto-Light.ttf in Resources */,
				A15CF3312AD030C3004A53F3 /* Roboto-LightItalic.ttf in Resources */,
				A15CF3322AD030C3004A53F3 /* Roboto-Medium.ttf in Resources */,
				A1019C712ADDA12C00AD0BD0 /* GoogleService-Info.plist in Resources */,
				A15CF3332AD030C3004A53F3 /* Roboto-MediumItalic.ttf in Resources */,
				A15CF3342AD030C3004A53F3 /* Roboto-Regular.ttf in Resources */,
				A15CF3352AD030C3004A53F3 /* Roboto-Thin.ttf in Resources */,
				A15CF3362AD030C3004A53F3 /* Roboto-ThinItalic.ttf in Resources */,
			);
			runOnlyForDeploymentPostprocessing = 0;
		};
/* End PBXResourcesBuildPhase section */

/* Begin PBXShellScriptBuildPhase section */
		00DD1BFF1BD5951E006B06BC /* Bundle React Native code and images */ = {
			isa = PBXShellScriptBuildPhase;
			buildActionMask = 2147483647;
			files = (
			);
			inputPaths = (
				"$(SRCROOT)/.xcode.env.local",
				"$(SRCROOT)/.xcode.env",
			);
			name = "Bundle React Native code and images";
			outputPaths = (
			);
			runOnlyForDeploymentPostprocessing = 0;
			shellPath = /bin/sh;
			shellScript = "export SENTRY_PROPERTIES=sentry.properties\nexport EXTRA_PACKAGER_ARGS=\"--sourcemap-output $DERIVED_FILE_DIR/main.jsbundle.map\"\nset -e\n\nWITH_ENVIRONMENT=\"../node_modules/react-native/scripts/xcode/with-environment.sh\"\nREACT_NATIVE_XCODE=\"../node_modules/react-native/scripts/react-native-xcode.sh\"\n\n/bin/sh -c \"$WITH_ENVIRONMENT \\\"../node_modules/@sentry/cli/bin/sentry-cli react-native xcode $REACT_NATIVE_XCODE\\\"\"\n\n/bin/sh -c \"$WITH_ENVIRONMENT ../node_modules/@sentry/react-native/scripts/collect-modules.sh\"\n";
		};
		00EEFC60759A1932668264C0 /* [CP] Embed Pods Frameworks */ = {
			isa = PBXShellScriptBuildPhase;
			buildActionMask = 2147483647;
			files = (
			);
			inputFileListPaths = (
				"${PODS_ROOT}/Target Support Files/Pods-NaikamuCommonPods-Naikamu/Pods-NaikamuCommonPods-Naikamu-frameworks-${CONFIGURATION}-input-files.xcfilelist",
			);
			name = "[CP] Embed Pods Frameworks";
			outputFileListPaths = (
				"${PODS_ROOT}/Target Support Files/Pods-NaikamuCommonPods-Naikamu/Pods-NaikamuCommonPods-Naikamu-frameworks-${CONFIGURATION}-output-files.xcfilelist",
			);
			runOnlyForDeploymentPostprocessing = 0;
			shellPath = /bin/sh;
			shellScript = "\"${PODS_ROOT}/Target Support Files/Pods-NaikamuCommonPods-Naikamu/Pods-NaikamuCommonPods-Naikamu-frameworks.sh\"\n";
			showEnvVarsInLog = 0;
		};
		89E5F422E68F48508D465EA0 /* Upload Debug Symbols to Sentry */ = {
			isa = PBXShellScriptBuildPhase;
			buildActionMask = 2147483647;
			files = (
			);
			inputPaths = (
			);
			name = "Upload Debug Symbols to Sentry";
			outputPaths = (
			);
			runOnlyForDeploymentPostprocessing = 0;
			shellPath = /bin/sh;
			shellScript = "\nWITH_ENVIRONMENT=\"../node_modules/react-native/scripts/xcode/with-environment.sh\"\nif [ -f \"$WITH_ENVIRONMENT\" ]; then\n    . \"$WITH_ENVIRONMENT\"\nfi \nexport SENTRY_PROPERTIES=sentry.properties\n[ \"$SENTRY_INCLUDE_NATIVE_SOURCES\" = \"true\" ] && INCLUDE_SOURCES_FLAG=\"--include-sources\" || INCLUDE_SOURCES_FLAG=\"\"\n../node_modules/@sentry/cli/bin/sentry-cli debug-files upload \"$INCLUDE_SOURCES_FLAG\" \"$DWARF_DSYM_FOLDER_PATH\"\n";
		};
		A15CF2D82AD030C0004A53F3 /* [CP] Check Pods Manifest.lock */ = {
			isa = PBXShellScriptBuildPhase;
			buildActionMask = 2147483647;
			files = (
			);
			inputFileListPaths = (
			);
			inputPaths = (
				"${PODS_PODFILE_DIR_PATH}/Podfile.lock",
				"${PODS_ROOT}/Manifest.lock",
			);
			name = "[CP] Check Pods Manifest.lock";
			outputFileListPaths = (
			);
			outputPaths = (
				"$(DERIVED_FILE_DIR)/Pods-NaikamuCommonPods-NaikamuStg-checkManifestLockResult.txt",
			);
			runOnlyForDeploymentPostprocessing = 0;
			shellPath = /bin/sh;
			shellScript = "diff \"${PODS_PODFILE_DIR_PATH}/Podfile.lock\" \"${PODS_ROOT}/Manifest.lock\" > /dev/null\nif [ $? != 0 ] ; then\n    # print error to STDERR\n    echo \"error: The sandbox is not in sync with the Podfile.lock. Run 'pod install' or update your CocoaPods installation.\" >&2\n    exit 1\nfi\n# This output is used by Xcode 'outputs' to avoid re-running this script phase.\necho \"SUCCESS\" > \"${SCRIPT_OUTPUT_FILE_0}\"\n";
			showEnvVarsInLog = 0;
		};
		A15CF2D92AD030C0004A53F3 /* Start Packager */ = {
			isa = PBXShellScriptBuildPhase;
			buildActionMask = 2147483647;
			files = (
			);
			inputFileListPaths = (
			);
			inputPaths = (
			);
			name = "Start Packager";
			outputFileListPaths = (
			);
			outputPaths = (
			);
			runOnlyForDeploymentPostprocessing = 0;
			shellPath = /bin/sh;
			shellScript = "export RCT_METRO_PORT=\"${RCT_METRO_PORT:=8081}\"\necho \"export RCT_METRO_PORT=${RCT_METRO_PORT}\" > \"${SRCROOT}/../node_modules/react-native/scripts/.packager.env\"\nif [ -z \"${RCT_NO_LAUNCH_PACKAGER+xxx}\" ] ; then\n  if nc -w 5 -z localhost ${RCT_METRO_PORT} ; then\n    if ! curl -s \"http://localhost:${RCT_METRO_PORT}/status\" | grep -q \"packager-status:running\" ; then\n      echo \"Port ${RCT_METRO_PORT} already in use, packager is either not running or not running correctly\"\n      exit 2\n    fi\n  else\n    open \"$SRCROOT/../node_modules/react-native/scripts/launchPackager.command\" || echo \"Can't start packager automatically\"\n  fi\nfi\n";
			showEnvVarsInLog = 0;
		};
		A15CF3022AD030C0004A53F3 /* Bundle React Native code and images */ = {
			isa = PBXShellScriptBuildPhase;
			buildActionMask = 2147483647;
			files = (
			);
			inputPaths = (
				"$(SRCROOT)/.xcode.env.local",
				"$(SRCROOT)/.xcode.env",
			);
			name = "Bundle React Native code and images";
			outputPaths = (
			);
			runOnlyForDeploymentPostprocessing = 0;
			shellPath = /bin/sh;
			shellScript = "export SENTRY_PROPERTIES=sentry.properties\nexport EXTRA_PACKAGER_ARGS=\"--sourcemap-output $DERIVED_FILE_DIR/main.jsbundle.map\"\nset -e\n\nWITH_ENVIRONMENT=\"../node_modules/react-native/scripts/xcode/with-environment.sh\"\nREACT_NATIVE_XCODE=\"../node_modules/react-native/scripts/react-native-xcode.sh\"\n\n/bin/sh -c \"$WITH_ENVIRONMENT \\\"../node_modules/@sentry/cli/bin/sentry-cli react-native xcode $REACT_NATIVE_XCODE\\\"\"\n\n/bin/sh -c \"$WITH_ENVIRONMENT ../node_modules/@sentry/react-native/scripts/collect-modules.sh\"\n";
		};
		A15CF3032AD030C0004A53F3 /* [CP] Embed Pods Frameworks */ = {
			isa = PBXShellScriptBuildPhase;
			buildActionMask = 2147483647;
			files = (
			);
			inputFileListPaths = (
				"${PODS_ROOT}/Target Support Files/Pods-NaikamuCommonPods-NaikamuStg/Pods-NaikamuCommonPods-NaikamuStg-frameworks-${CONFIGURATION}-input-files.xcfilelist",
			);
			name = "[CP] Embed Pods Frameworks";
			outputFileListPaths = (
				"${PODS_ROOT}/Target Support Files/Pods-NaikamuCommonPods-NaikamuStg/Pods-NaikamuCommonPods-NaikamuStg-frameworks-${CONFIGURATION}-output-files.xcfilelist",
			);
			runOnlyForDeploymentPostprocessing = 0;
			shellPath = /bin/sh;
			shellScript = "\"${PODS_ROOT}/Target Support Files/Pods-NaikamuCommonPods-NaikamuStg/Pods-NaikamuCommonPods-NaikamuStg-frameworks.sh\"\n";
			showEnvVarsInLog = 0;
		};
		A15CF3042AD030C0004A53F3 /* [CP] Copy Pods Resources */ = {
			isa = PBXShellScriptBuildPhase;
			buildActionMask = 2147483647;
			files = (
			);
			inputFileListPaths = (
				"${PODS_ROOT}/Target Support Files/Pods-NaikamuCommonPods-NaikamuStg/Pods-NaikamuCommonPods-NaikamuStg-resources-${CONFIGURATION}-input-files.xcfilelist",
			);
			name = "[CP] Copy Pods Resources";
			outputFileListPaths = (
				"${PODS_ROOT}/Target Support Files/Pods-NaikamuCommonPods-NaikamuStg/Pods-NaikamuCommonPods-NaikamuStg-resources-${CONFIGURATION}-output-files.xcfilelist",
			);
			runOnlyForDeploymentPostprocessing = 0;
			shellPath = /bin/sh;
			shellScript = "\"${PODS_ROOT}/Target Support Files/Pods-NaikamuCommonPods-NaikamuStg/Pods-NaikamuCommonPods-NaikamuStg-resources.sh\"\n";
			showEnvVarsInLog = 0;
		};
		A15CF30D2AD030C3004A53F3 /* [CP] Check Pods Manifest.lock */ = {
			isa = PBXShellScriptBuildPhase;
			buildActionMask = 2147483647;
			files = (
			);
			inputFileListPaths = (
			);
			inputPaths = (
				"${PODS_PODFILE_DIR_PATH}/Podfile.lock",
				"${PODS_ROOT}/Manifest.lock",
			);
			name = "[CP] Check Pods Manifest.lock";
			outputFileListPaths = (
			);
			outputPaths = (
				"$(DERIVED_FILE_DIR)/Pods-NaikamuCommonPods-NaikamuDev-checkManifestLockResult.txt",
			);
			runOnlyForDeploymentPostprocessing = 0;
			shellPath = /bin/sh;
			shellScript = "diff \"${PODS_PODFILE_DIR_PATH}/Podfile.lock\" \"${PODS_ROOT}/Manifest.lock\" > /dev/null\nif [ $? != 0 ] ; then\n    # print error to STDERR\n    echo \"error: The sandbox is not in sync with the Podfile.lock. Run 'pod install' or update your CocoaPods installation.\" >&2\n    exit 1\nfi\n# This output is used by Xcode 'outputs' to avoid re-running this script phase.\necho \"SUCCESS\" > \"${SCRIPT_OUTPUT_FILE_0}\"\n";
			showEnvVarsInLog = 0;
		};
		A15CF30E2AD030C3004A53F3 /* Start Packager */ = {
			isa = PBXShellScriptBuildPhase;
			buildActionMask = 2147483647;
			files = (
			);
			inputFileListPaths = (
			);
			inputPaths = (
			);
			name = "Start Packager";
			outputFileListPaths = (
			);
			outputPaths = (
			);
			runOnlyForDeploymentPostprocessing = 0;
			shellPath = /bin/sh;
			shellScript = "export RCT_METRO_PORT=\"${RCT_METRO_PORT:=8081}\"\necho \"export RCT_METRO_PORT=${RCT_METRO_PORT}\" > \"${SRCROOT}/../node_modules/react-native/scripts/.packager.env\"\nif [ -z \"${RCT_NO_LAUNCH_PACKAGER+xxx}\" ] ; then\n  if nc -w 5 -z localhost ${RCT_METRO_PORT} ; then\n    if ! curl -s \"http://localhost:${RCT_METRO_PORT}/status\" | grep -q \"packager-status:running\" ; then\n      echo \"Port ${RCT_METRO_PORT} already in use, packager is either not running or not running correctly\"\n      exit 2\n    fi\n  else\n    open \"$SRCROOT/../node_modules/react-native/scripts/launchPackager.command\" || echo \"Can't start packager automatically\"\n  fi\nfi\n";
			showEnvVarsInLog = 0;
		};
		A15CF3372AD030C3004A53F3 /* Bundle React Native code and images */ = {
			isa = PBXShellScriptBuildPhase;
			buildActionMask = 2147483647;
			files = (
			);
			inputPaths = (
				"$(SRCROOT)/.xcode.env.local",
				"$(SRCROOT)/.xcode.env",
			);
			name = "Bundle React Native code and images";
			outputPaths = (
			);
			runOnlyForDeploymentPostprocessing = 0;
			shellPath = /bin/sh;
			shellScript = "export SENTRY_PROPERTIES=sentry.properties\nexport EXTRA_PACKAGER_ARGS=\"--sourcemap-output $DERIVED_FILE_DIR/main.jsbundle.map\"\nset -e\n\nWITH_ENVIRONMENT=\"../node_modules/react-native/scripts/xcode/with-environment.sh\"\nREACT_NATIVE_XCODE=\"../node_modules/react-native/scripts/react-native-xcode.sh\"\n\n/bin/sh -c \"$WITH_ENVIRONMENT \\\"../node_modules/@sentry/cli/bin/sentry-cli react-native xcode $REACT_NATIVE_XCODE\\\"\"\n\n/bin/sh -c \"$WITH_ENVIRONMENT ../node_modules/@sentry/react-native/scripts/collect-modules.sh\"\n";
		};
		A15CF3382AD030C3004A53F3 /* [CP] Embed Pods Frameworks */ = {
			isa = PBXShellScriptBuildPhase;
			buildActionMask = 2147483647;
			files = (
			);
			inputFileListPaths = (
				"${PODS_ROOT}/Target Support Files/Pods-NaikamuCommonPods-NaikamuDev/Pods-NaikamuCommonPods-NaikamuDev-frameworks-${CONFIGURATION}-input-files.xcfilelist",
			);
			name = "[CP] Embed Pods Frameworks";
			outputFileListPaths = (
				"${PODS_ROOT}/Target Support Files/Pods-NaikamuCommonPods-NaikamuDev/Pods-NaikamuCommonPods-NaikamuDev-frameworks-${CONFIGURATION}-output-files.xcfilelist",
			);
			runOnlyForDeploymentPostprocessing = 0;
			shellPath = /bin/sh;
			shellScript = "\"${PODS_ROOT}/Target Support Files/Pods-NaikamuCommonPods-NaikamuDev/Pods-NaikamuCommonPods-NaikamuDev-frameworks.sh\"\n";
			showEnvVarsInLog = 0;
		};
		A15CF3392AD030C3004A53F3 /* [CP] Copy Pods Resources */ = {
			isa = PBXShellScriptBuildPhase;
			buildActionMask = 2147483647;
			files = (
			);
			inputFileListPaths = (
				"${PODS_ROOT}/Target Support Files/Pods-NaikamuCommonPods-NaikamuDev/Pods-NaikamuCommonPods-NaikamuDev-resources-${CONFIGURATION}-input-files.xcfilelist",
			);
			name = "[CP] Copy Pods Resources";
			outputFileListPaths = (
				"${PODS_ROOT}/Target Support Files/Pods-NaikamuCommonPods-NaikamuDev/Pods-NaikamuCommonPods-NaikamuDev-resources-${CONFIGURATION}-output-files.xcfilelist",
			);
			runOnlyForDeploymentPostprocessing = 0;
			shellPath = /bin/sh;
			shellScript = "\"${PODS_ROOT}/Target Support Files/Pods-NaikamuCommonPods-NaikamuDev/Pods-NaikamuCommonPods-NaikamuDev-resources.sh\"\n";
			showEnvVarsInLog = 0;
		};
		A55EABD7B0C7F3A422A6CC61 /* [CP] Check Pods Manifest.lock */ = {
			isa = PBXShellScriptBuildPhase;
			buildActionMask = 2147483647;
			files = (
			);
			inputFileListPaths = (
			);
			inputPaths = (
				"${PODS_PODFILE_DIR_PATH}/Podfile.lock",
				"${PODS_ROOT}/Manifest.lock",
			);
			name = "[CP] Check Pods Manifest.lock";
			outputFileListPaths = (
			);
			outputPaths = (
				"$(DERIVED_FILE_DIR)/Pods-NaikamuCommonPods-NaikamuTests-checkManifestLockResult.txt",
			);
			runOnlyForDeploymentPostprocessing = 0;
			shellPath = /bin/sh;
			shellScript = "diff \"${PODS_PODFILE_DIR_PATH}/Podfile.lock\" \"${PODS_ROOT}/Manifest.lock\" > /dev/null\nif [ $? != 0 ] ; then\n    # print error to STDERR\n    echo \"error: The sandbox is not in sync with the Podfile.lock. Run 'pod install' or update your CocoaPods installation.\" >&2\n    exit 1\nfi\n# This output is used by Xcode 'outputs' to avoid re-running this script phase.\necho \"SUCCESS\" > \"${SCRIPT_OUTPUT_FILE_0}\"\n";
			showEnvVarsInLog = 0;
		};
		C38B50BA6285516D6DCD4F65 /* [CP] Check Pods Manifest.lock */ = {
			isa = PBXShellScriptBuildPhase;
			buildActionMask = 2147483647;
			files = (
			);
			inputFileListPaths = (
			);
			inputPaths = (
				"${PODS_PODFILE_DIR_PATH}/Podfile.lock",
				"${PODS_ROOT}/Manifest.lock",
			);
			name = "[CP] Check Pods Manifest.lock";
			outputFileListPaths = (
			);
			outputPaths = (
				"$(DERIVED_FILE_DIR)/Pods-NaikamuCommonPods-Naikamu-checkManifestLockResult.txt",
			);
			runOnlyForDeploymentPostprocessing = 0;
			shellPath = /bin/sh;
			shellScript = "diff \"${PODS_PODFILE_DIR_PATH}/Podfile.lock\" \"${PODS_ROOT}/Manifest.lock\" > /dev/null\nif [ $? != 0 ] ; then\n    # print error to STDERR\n    echo \"error: The sandbox is not in sync with the Podfile.lock. Run 'pod install' or update your CocoaPods installation.\" >&2\n    exit 1\nfi\n# This output is used by Xcode 'outputs' to avoid re-running this script phase.\necho \"SUCCESS\" > \"${SCRIPT_OUTPUT_FILE_0}\"\n";
			showEnvVarsInLog = 0;
		};
		C59DA0FBD6956966B86A3779 /* [CP] Embed Pods Frameworks */ = {
			isa = PBXShellScriptBuildPhase;
			buildActionMask = 2147483647;
			files = (
			);
			inputFileListPaths = (
				"${PODS_ROOT}/Target Support Files/Pods-NaikamuCommonPods-NaikamuTests/Pods-NaikamuCommonPods-NaikamuTests-frameworks-${CONFIGURATION}-input-files.xcfilelist",
			);
			name = "[CP] Embed Pods Frameworks";
			outputFileListPaths = (
				"${PODS_ROOT}/Target Support Files/Pods-NaikamuCommonPods-NaikamuTests/Pods-NaikamuCommonPods-NaikamuTests-frameworks-${CONFIGURATION}-output-files.xcfilelist",
			);
			runOnlyForDeploymentPostprocessing = 0;
			shellPath = /bin/sh;
			shellScript = "\"${PODS_ROOT}/Target Support Files/Pods-NaikamuCommonPods-NaikamuTests/Pods-NaikamuCommonPods-NaikamuTests-frameworks.sh\"\n";
			showEnvVarsInLog = 0;
		};
		E235C05ADACE081382539298 /* [CP] Copy Pods Resources */ = {
			isa = PBXShellScriptBuildPhase;
			buildActionMask = 2147483647;
			files = (
			);
			inputFileListPaths = (
				"${PODS_ROOT}/Target Support Files/Pods-NaikamuCommonPods-Naikamu/Pods-NaikamuCommonPods-Naikamu-resources-${CONFIGURATION}-input-files.xcfilelist",
			);
			name = "[CP] Copy Pods Resources";
			outputFileListPaths = (
				"${PODS_ROOT}/Target Support Files/Pods-NaikamuCommonPods-Naikamu/Pods-NaikamuCommonPods-Naikamu-resources-${CONFIGURATION}-output-files.xcfilelist",
			);
			runOnlyForDeploymentPostprocessing = 0;
			shellPath = /bin/sh;
			shellScript = "\"${PODS_ROOT}/Target Support Files/Pods-NaikamuCommonPods-Naikamu/Pods-NaikamuCommonPods-Naikamu-resources.sh\"\n";
			showEnvVarsInLog = 0;
		};
		F6A41C54EA430FDDC6A6ED99 /* [CP] Copy Pods Resources */ = {
			isa = PBXShellScriptBuildPhase;
			buildActionMask = 2147483647;
			files = (
			);
			inputFileListPaths = (
				"${PODS_ROOT}/Target Support Files/Pods-NaikamuCommonPods-NaikamuTests/Pods-NaikamuCommonPods-NaikamuTests-resources-${CONFIGURATION}-input-files.xcfilelist",
			);
			name = "[CP] Copy Pods Resources";
			outputFileListPaths = (
				"${PODS_ROOT}/Target Support Files/Pods-NaikamuCommonPods-NaikamuTests/Pods-NaikamuCommonPods-NaikamuTests-resources-${CONFIGURATION}-output-files.xcfilelist",
			);
			runOnlyForDeploymentPostprocessing = 0;
			shellPath = /bin/sh;
			shellScript = "\"${PODS_ROOT}/Target Support Files/Pods-NaikamuCommonPods-NaikamuTests/Pods-NaikamuCommonPods-NaikamuTests-resources.sh\"\n";
			showEnvVarsInLog = 0;
		};
		FD10A7F022414F080027D42C /* Start Packager */ = {
			isa = PBXShellScriptBuildPhase;
			buildActionMask = 2147483647;
			files = (
			);
			inputFileListPaths = (
			);
			inputPaths = (
			);
			name = "Start Packager";
			outputFileListPaths = (
			);
			outputPaths = (
			);
			runOnlyForDeploymentPostprocessing = 0;
			shellPath = /bin/sh;
			shellScript = "export RCT_METRO_PORT=\"${RCT_METRO_PORT:=8081}\"\necho \"export RCT_METRO_PORT=${RCT_METRO_PORT}\" > \"${SRCROOT}/../node_modules/react-native/scripts/.packager.env\"\nif [ -z \"${RCT_NO_LAUNCH_PACKAGER+xxx}\" ] ; then\n  if nc -w 5 -z localhost ${RCT_METRO_PORT} ; then\n    if ! curl -s \"http://localhost:${RCT_METRO_PORT}/status\" | grep -q \"packager-status:running\" ; then\n      echo \"Port ${RCT_METRO_PORT} already in use, packager is either not running or not running correctly\"\n      exit 2\n    fi\n  else\n    open \"$SRCROOT/../node_modules/react-native/scripts/launchPackager.command\" || echo \"Can't start packager automatically\"\n  fi\nfi\n";
			showEnvVarsInLog = 0;
		};
/* End PBXShellScriptBuildPhase section */

/* Begin PBXSourcesBuildPhase section */
		00E356EA1AD99517003FC87E /* Sources */ = {
			isa = PBXSourcesBuildPhase;
			buildActionMask = 2147483647;
			files = (
				00E356F31AD99517003FC87E /* NaikamuTests.m in Sources */,
			);
			runOnlyForDeploymentPostprocessing = 0;
		};
		13B07F871A680F5B00A75B9A /* Sources */ = {
			isa = PBXSourcesBuildPhase;
			buildActionMask = 2147483647;
			files = (
				13B07FBC1A68108700A75B9A /* AppDelegate.mm in Sources */,
				13B07FC11A68108700A75B9A /* main.m in Sources */,
			);
			runOnlyForDeploymentPostprocessing = 0;
		};
		A15CF2DA2AD030C0004A53F3 /* Sources */ = {
			isa = PBXSourcesBuildPhase;
			buildActionMask = 2147483647;
			files = (
				A15CF2DB2AD030C0004A53F3 /* AppDelegate.mm in Sources */,
				A15CF2DC2AD030C0004A53F3 /* main.m in Sources */,
			);
			runOnlyForDeploymentPostprocessing = 0;
		};
		A15CF30F2AD030C3004A53F3 /* Sources */ = {
			isa = PBXSourcesBuildPhase;
			buildActionMask = 2147483647;
			files = (
				A15CF3102AD030C3004A53F3 /* AppDelegate.mm in Sources */,
				A15CF3112AD030C3004A53F3 /* main.m in Sources */,
			);
			runOnlyForDeploymentPostprocessing = 0;
		};
/* End PBXSourcesBuildPhase section */

/* Begin PBXTargetDependency section */
		00E356F51AD99517003FC87E /* PBXTargetDependency */ = {
			isa = PBXTargetDependency;
			target = 13B07F861A680F5B00A75B9A /* Naikamu */;
			targetProxy = 00E356F41AD99517003FC87E /* PBXContainerItemProxy */;
		};
/* End PBXTargetDependency section */

/* Begin XCBuildConfiguration section */
		00E356F61AD99517003FC87E /* Debug */ = {
			isa = XCBuildConfiguration;
			baseConfigurationReference = 6A130072470CB5F9251EE342 /* Pods-NaikamuCommonPods-NaikamuTests.debug.xcconfig */;
			buildSettings = {
				BUNDLE_LOADER = "$(TEST_HOST)";
				DEVELOPMENT_TEAM = 7626K298Y6;
				GCC_PREPROCESSOR_DEFINITIONS = (
					"DEBUG=1",
					"$(inherited)",
				);
				INFOPLIST_FILE = NaikamuTests/Info.plist;
				IPHONEOS_DEPLOYMENT_TARGET = 12.4;
				LD_RUNPATH_SEARCH_PATHS = (
					"$(inherited)",
					"@executable_path/Frameworks",
					"@loader_path/Frameworks",
				);
				OTHER_LDFLAGS = (
					"-ObjC",
					"-lc++",
					"$(inherited)",
				);
				PRODUCT_BUNDLE_IDENTIFIER = com.tltcode.naikamu;
				PRODUCT_NAME = "$(TARGET_NAME)";
				TEST_HOST = "$(BUILT_PRODUCTS_DIR)/Naikamu.app/Naikamu";
			};
			name = Debug;
		};
		00E356F71AD99517003FC87E /* Release */ = {
			isa = XCBuildConfiguration;
			baseConfigurationReference = F21D0DDDB5F3F8E59B342B36 /* Pods-NaikamuCommonPods-NaikamuTests.release.xcconfig */;
			buildSettings = {
				BUNDLE_LOADER = "$(TEST_HOST)";
				COPY_PHASE_STRIP = NO;
				DEVELOPMENT_TEAM = 7626K298Y6;
				INFOPLIST_FILE = NaikamuTests/Info.plist;
				IPHONEOS_DEPLOYMENT_TARGET = 12.4;
				LD_RUNPATH_SEARCH_PATHS = (
					"$(inherited)",
					"@executable_path/Frameworks",
					"@loader_path/Frameworks",
				);
				OTHER_LDFLAGS = (
					"-ObjC",
					"-lc++",
					"$(inherited)",
				);
				PRODUCT_BUNDLE_IDENTIFIER = com.tltcode.naikamu;
				PRODUCT_NAME = "$(TARGET_NAME)";
				TEST_HOST = "$(BUILT_PRODUCTS_DIR)/Naikamu.app/Naikamu";
			};
			name = Release;
		};
		13B07F941A680F5B00A75B9A /* Debug */ = {
			isa = XCBuildConfiguration;
			baseConfigurationReference = 3CACAB495B78CA0322E3F49A /* Pods-NaikamuCommonPods-Naikamu.debug.xcconfig */;
			buildSettings = {
				ASSETCATALOG_COMPILER_APPICON_NAME = AppIcon;
				ASSETCATALOG_COMPILER_INCLUDE_ALL_APPICON_ASSETS = NO;
				CLANG_ENABLE_MODULES = YES;
				CODE_SIGN_ENTITLEMENTS = Naikamu/Naikamu.entitlements;
				CURRENT_PROJECT_VERSION = 71;
				DEVELOPMENT_TEAM = 7626K298Y6;
				ENABLE_BITCODE = YES;
				INFOPLIST_FILE = Naikamu/Info.plist;
				INFOPLIST_KEY_CFBundleDisplayName = Naikamu;
				INFOPLIST_KEY_LSApplicationCategoryType = "public.app-category.video";
				IPHONEOS_DEPLOYMENT_TARGET = 13.4;
				LD_RUNPATH_SEARCH_PATHS = (
					"$(inherited)",
					"@executable_path/Frameworks",
				);
				MARKETING_VERSION = 0.16.0;
				OTHER_LDFLAGS = (
					"$(inherited)",
					"-ObjC",
					"-lc++",
				);
				PRODUCT_BUNDLE_IDENTIFIER = com.tltcode.naikamu;
				PRODUCT_NAME = Naikamu;
				SWIFT_OPTIMIZATION_LEVEL = "-Onone";
				SWIFT_VERSION = 5.0;
				VERSIONING_SYSTEM = "apple-generic";
			};
			name = Debug;
		};
		13B07F951A680F5B00A75B9A /* Release */ = {
			isa = XCBuildConfiguration;
			baseConfigurationReference = ED7A44F363AEE01F9684DBCA /* Pods-NaikamuCommonPods-Naikamu.release.xcconfig */;
			buildSettings = {
				ASSETCATALOG_COMPILER_APPICON_NAME = AppIcon;
				ASSETCATALOG_COMPILER_INCLUDE_ALL_APPICON_ASSETS = NO;
				CLANG_ENABLE_MODULES = YES;
				CODE_SIGN_ENTITLEMENTS = Naikamu/Naikamu.entitlements;
				CURRENT_PROJECT_VERSION = 71;
				DEVELOPMENT_TEAM = 7626K298Y6;
				ENABLE_BITCODE = YES;
				INFOPLIST_FILE = Naikamu/Info.plist;
				INFOPLIST_KEY_CFBundleDisplayName = Naikamu;
				INFOPLIST_KEY_LSApplicationCategoryType = "public.app-category.video";
				IPHONEOS_DEPLOYMENT_TARGET = 13.4;
				LD_RUNPATH_SEARCH_PATHS = (
					"$(inherited)",
					"@executable_path/Frameworks",
				);
				MARKETING_VERSION = 0.16.0;
				OTHER_LDFLAGS = (
					"$(inherited)",
					"-ObjC",
					"-lc++",
				);
				PRODUCT_BUNDLE_IDENTIFIER = com.tltcode.naikamu;
				PRODUCT_NAME = Naikamu;
				SWIFT_VERSION = 5.0;
				VERSIONING_SYSTEM = "apple-generic";
			};
			name = Release;
		};
		83CBBA201A601CBA00E9B192 /* Debug */ = {
			isa = XCBuildConfiguration;
			buildSettings = {
				ALWAYS_SEARCH_USER_PATHS = NO;
				CLANG_ANALYZER_LOCALIZABILITY_NONLOCALIZED = YES;
				CLANG_CXX_LANGUAGE_STANDARD = "c++20";
				CLANG_CXX_LIBRARY = "libc++";
				CLANG_ENABLE_MODULES = YES;
				CLANG_ENABLE_OBJC_ARC = YES;
				CLANG_WARN_BLOCK_CAPTURE_AUTORELEASING = YES;
				CLANG_WARN_BOOL_CONVERSION = YES;
				CLANG_WARN_COMMA = YES;
				CLANG_WARN_CONSTANT_CONVERSION = YES;
				CLANG_WARN_DEPRECATED_OBJC_IMPLEMENTATIONS = YES;
				CLANG_WARN_DIRECT_OBJC_ISA_USAGE = YES_ERROR;
				CLANG_WARN_EMPTY_BODY = YES;
				CLANG_WARN_ENUM_CONVERSION = YES;
				CLANG_WARN_INFINITE_RECURSION = YES;
				CLANG_WARN_INT_CONVERSION = YES;
				CLANG_WARN_NON_LITERAL_NULL_CONVERSION = YES;
				CLANG_WARN_OBJC_IMPLICIT_RETAIN_SELF = YES;
				CLANG_WARN_OBJC_LITERAL_CONVERSION = YES;
				CLANG_WARN_OBJC_ROOT_CLASS = YES_ERROR;
				CLANG_WARN_QUOTED_INCLUDE_IN_FRAMEWORK_HEADER = YES;
				CLANG_WARN_RANGE_LOOP_ANALYSIS = YES;
				CLANG_WARN_STRICT_PROTOTYPES = YES;
				CLANG_WARN_SUSPICIOUS_MOVE = YES;
				CLANG_WARN_UNREACHABLE_CODE = YES;
				CLANG_WARN__DUPLICATE_METHOD_MATCH = YES;
				"CODE_SIGN_IDENTITY[sdk=iphoneos*]" = "iPhone Developer";
				COPY_PHASE_STRIP = NO;
				ENABLE_STRICT_OBJC_MSGSEND = YES;
				ENABLE_TESTABILITY = YES;
				"EXCLUDED_ARCHS[sdk=iphonesimulator*]" = i386;
				GCC_C_LANGUAGE_STANDARD = gnu99;
				GCC_DYNAMIC_NO_PIC = NO;
				GCC_NO_COMMON_BLOCKS = YES;
				GCC_OPTIMIZATION_LEVEL = 0;
				GCC_PREPROCESSOR_DEFINITIONS = (
					"DEBUG=1",
					"$(inherited)",
					_LIBCPP_ENABLE_CXX17_REMOVED_UNARY_BINARY_FUNCTION,
				);
				GCC_SYMBOLS_PRIVATE_EXTERN = NO;
				GCC_WARN_64_TO_32_BIT_CONVERSION = YES;
				GCC_WARN_ABOUT_RETURN_TYPE = YES_ERROR;
				GCC_WARN_UNDECLARED_SELECTOR = YES;
				GCC_WARN_UNINITIALIZED_AUTOS = YES_AGGRESSIVE;
				GCC_WARN_UNUSED_FUNCTION = YES;
				GCC_WARN_UNUSED_VARIABLE = YES;
				HEADER_SEARCH_PATHS = (
					"$(inherited)",
					"${PODS_CONFIGURATION_BUILD_DIR}/ReactCommon-Samples/ReactCommon_Samples.framework/Headers",
					"${PODS_CONFIGURATION_BUILD_DIR}/ReactCommon/ReactCommon.framework/Headers/react/nativemodule/core",
					"${PODS_CONFIGURATION_BUILD_DIR}/ReactCommon-Samples/ReactCommon_Samples.framework/Headers/platform/ios",
					"${PODS_CONFIGURATION_BUILD_DIR}/React-NativeModulesApple/React_NativeModulesApple.framework/Headers",
					"${PODS_CONFIGURATION_BUILD_DIR}/React-graphics/React_graphics.framework/Headers/react/renderer/graphics/platform/ios",
					"${PODS_CONFIGURATION_BUILD_DIR}/ReactCommon/ReactCommon.framework/Headers",
					"${PODS_CONFIGURATION_BUILD_DIR}/React-Fabric/React_Fabric.framework/Headers/react/renderer/components/view/platform/cxx",
					"${PODS_CONFIGURATION_BUILD_DIR}/React-graphics/React_graphics.framework/Headers",
					"${PODS_CONFIGURATION_BUILD_DIR}/ReactCommon/ReactCommon.framework/Headers",
					"${PODS_CONFIGURATION_BUILD_DIR}/React-Fabric/React_Fabric.framework/Headers/react/renderer/components/view/platform/cxx",
					"${PODS_CONFIGURATION_BUILD_DIR}/React-graphics/React_graphics.framework/Headers",
					"${PODS_CONFIGURATION_BUILD_DIR}/ReactCommon/ReactCommon.framework/Headers",
					"${PODS_CONFIGURATION_BUILD_DIR}/React-Fabric/React_Fabric.framework/Headers/react/renderer/components/view/platform/cxx",
					"${PODS_CONFIGURATION_BUILD_DIR}/React-graphics/React_graphics.framework/Headers",
					"${PODS_CONFIGURATION_BUILD_DIR}/ReactCommon/ReactCommon.framework/Headers",
					"${PODS_CONFIGURATION_BUILD_DIR}/React-Fabric/React_Fabric.framework/Headers/react/renderer/components/view/platform/cxx",
					"${PODS_CONFIGURATION_BUILD_DIR}/React-graphics/React_graphics.framework/Headers",
				);
				IPHONEOS_DEPLOYMENT_TARGET = 13.4;
				LD_RUNPATH_SEARCH_PATHS = (
					/usr/lib/swift,
					"$(inherited)",
				);
				LIBRARY_SEARCH_PATHS = (
					"\"$(SDKROOT)/usr/lib/swift\"",
					"\"$(TOOLCHAIN_DIR)/usr/lib/swift/$(PLATFORM_NAME)\"",
					"\"$(inherited)\"",
				);
				MTL_ENABLE_DEBUG_INFO = YES;
				ONLY_ACTIVE_ARCH = YES;
				OTHER_CFLAGS = "$(inherited)";
				OTHER_CPLUSPLUSFLAGS = (
					"$(OTHER_CFLAGS)",
					"-DFOLLY_NO_CONFIG",
					"-DFOLLY_MOBILE=1",
					"-DFOLLY_USE_LIBCPP=1",
				);
				OTHER_LDFLAGS = "$(inherited)";
				REACT_NATIVE_PATH = "${PODS_ROOT}/../../node_modules/react-native";
				SDKROOT = iphoneos;
				USE_HERMES = true;
			};
			name = Debug;
		};
		83CBBA211A601CBA00E9B192 /* Release */ = {
			isa = XCBuildConfiguration;
			buildSettings = {
				ALWAYS_SEARCH_USER_PATHS = NO;
				CLANG_ANALYZER_LOCALIZABILITY_NONLOCALIZED = YES;
				CLANG_CXX_LANGUAGE_STANDARD = "c++20";
				CLANG_CXX_LIBRARY = "libc++";
				CLANG_ENABLE_MODULES = YES;
				CLANG_ENABLE_OBJC_ARC = YES;
				CLANG_WARN_BLOCK_CAPTURE_AUTORELEASING = YES;
				CLANG_WARN_BOOL_CONVERSION = YES;
				CLANG_WARN_COMMA = YES;
				CLANG_WARN_CONSTANT_CONVERSION = YES;
				CLANG_WARN_DEPRECATED_OBJC_IMPLEMENTATIONS = YES;
				CLANG_WARN_DIRECT_OBJC_ISA_USAGE = YES_ERROR;
				CLANG_WARN_EMPTY_BODY = YES;
				CLANG_WARN_ENUM_CONVERSION = YES;
				CLANG_WARN_INFINITE_RECURSION = YES;
				CLANG_WARN_INT_CONVERSION = YES;
				CLANG_WARN_NON_LITERAL_NULL_CONVERSION = YES;
				CLANG_WARN_OBJC_IMPLICIT_RETAIN_SELF = YES;
				CLANG_WARN_OBJC_LITERAL_CONVERSION = YES;
				CLANG_WARN_OBJC_ROOT_CLASS = YES_ERROR;
				CLANG_WARN_QUOTED_INCLUDE_IN_FRAMEWORK_HEADER = YES;
				CLANG_WARN_RANGE_LOOP_ANALYSIS = YES;
				CLANG_WARN_STRICT_PROTOTYPES = YES;
				CLANG_WARN_SUSPICIOUS_MOVE = YES;
				CLANG_WARN_UNREACHABLE_CODE = YES;
				CLANG_WARN__DUPLICATE_METHOD_MATCH = YES;
				"CODE_SIGN_IDENTITY[sdk=iphoneos*]" = "iPhone Developer";
				COPY_PHASE_STRIP = YES;
				ENABLE_NS_ASSERTIONS = NO;
				ENABLE_STRICT_OBJC_MSGSEND = YES;
				"EXCLUDED_ARCHS[sdk=iphonesimulator*]" = i386;
				GCC_C_LANGUAGE_STANDARD = gnu99;
				GCC_NO_COMMON_BLOCKS = YES;
				GCC_PREPROCESSOR_DEFINITIONS = (
					"$(inherited)",
					_LIBCPP_ENABLE_CXX17_REMOVED_UNARY_BINARY_FUNCTION,
				);
				GCC_WARN_64_TO_32_BIT_CONVERSION = YES;
				GCC_WARN_ABOUT_RETURN_TYPE = YES_ERROR;
				GCC_WARN_UNDECLARED_SELECTOR = YES;
				GCC_WARN_UNINITIALIZED_AUTOS = YES_AGGRESSIVE;
				GCC_WARN_UNUSED_FUNCTION = YES;
				GCC_WARN_UNUSED_VARIABLE = YES;
				HEADER_SEARCH_PATHS = (
					"$(inherited)",
					"${PODS_CONFIGURATION_BUILD_DIR}/ReactCommon-Samples/ReactCommon_Samples.framework/Headers",
					"${PODS_CONFIGURATION_BUILD_DIR}/ReactCommon/ReactCommon.framework/Headers/react/nativemodule/core",
					"${PODS_CONFIGURATION_BUILD_DIR}/ReactCommon-Samples/ReactCommon_Samples.framework/Headers/platform/ios",
					"${PODS_CONFIGURATION_BUILD_DIR}/React-NativeModulesApple/React_NativeModulesApple.framework/Headers",
					"${PODS_CONFIGURATION_BUILD_DIR}/React-graphics/React_graphics.framework/Headers/react/renderer/graphics/platform/ios",
					"${PODS_CONFIGURATION_BUILD_DIR}/ReactCommon/ReactCommon.framework/Headers",
					"${PODS_CONFIGURATION_BUILD_DIR}/React-Fabric/React_Fabric.framework/Headers/react/renderer/components/view/platform/cxx",
					"${PODS_CONFIGURATION_BUILD_DIR}/React-graphics/React_graphics.framework/Headers",
					"${PODS_CONFIGURATION_BUILD_DIR}/ReactCommon/ReactCommon.framework/Headers",
					"${PODS_CONFIGURATION_BUILD_DIR}/React-Fabric/React_Fabric.framework/Headers/react/renderer/components/view/platform/cxx",
					"${PODS_CONFIGURATION_BUILD_DIR}/React-graphics/React_graphics.framework/Headers",
					"${PODS_CONFIGURATION_BUILD_DIR}/ReactCommon/ReactCommon.framework/Headers",
					"${PODS_CONFIGURATION_BUILD_DIR}/React-Fabric/React_Fabric.framework/Headers/react/renderer/components/view/platform/cxx",
					"${PODS_CONFIGURATION_BUILD_DIR}/React-graphics/React_graphics.framework/Headers",
					"${PODS_CONFIGURATION_BUILD_DIR}/ReactCommon/ReactCommon.framework/Headers",
					"${PODS_CONFIGURATION_BUILD_DIR}/React-Fabric/React_Fabric.framework/Headers/react/renderer/components/view/platform/cxx",
					"${PODS_CONFIGURATION_BUILD_DIR}/React-graphics/React_graphics.framework/Headers",
				);
				IPHONEOS_DEPLOYMENT_TARGET = 13.4;
				LD_RUNPATH_SEARCH_PATHS = (
					/usr/lib/swift,
					"$(inherited)",
				);
				LIBRARY_SEARCH_PATHS = (
					"\"$(SDKROOT)/usr/lib/swift\"",
					"\"$(TOOLCHAIN_DIR)/usr/lib/swift/$(PLATFORM_NAME)\"",
					"\"$(inherited)\"",
				);
				MTL_ENABLE_DEBUG_INFO = NO;
				OTHER_CFLAGS = "$(inherited)";
				OTHER_CPLUSPLUSFLAGS = (
					"$(OTHER_CFLAGS)",
					"-DFOLLY_NO_CONFIG",
					"-DFOLLY_MOBILE=1",
					"-DFOLLY_USE_LIBCPP=1",
				);
				OTHER_LDFLAGS = "$(inherited)";
				REACT_NATIVE_PATH = "${PODS_ROOT}/../../node_modules/react-native";
				SDKROOT = iphoneos;
				USE_HERMES = true;
				VALIDATE_PRODUCT = YES;
			};
			name = Release;
		};
		A15CF3082AD030C0004A53F3 /* Debug */ = {
			isa = XCBuildConfiguration;
			baseConfigurationReference = 8CAD5F0ECF8EEC93E33F9011 /* Pods-NaikamuCommonPods-NaikamuStg.debug.xcconfig */;
			buildSettings = {
				ASSETCATALOG_COMPILER_APPICON_NAME = AppIcon;
				ASSETCATALOG_COMPILER_INCLUDE_ALL_APPICON_ASSETS = NO;
				CLANG_ENABLE_MODULES = YES;
				CODE_SIGN_ENTITLEMENTS = Naikamu/Naikamu.entitlements;
				CURRENT_PROJECT_VERSION = 72;
				DEVELOPMENT_TEAM = 7626K298Y6;
				ENABLE_BITCODE = YES;
				INFOPLIST_FILE = "Naikamu stg-Info.plist";
				INFOPLIST_KEY_CFBundleDisplayName = "Naikamu stg";
				IPHONEOS_DEPLOYMENT_TARGET = 13.4;
				LD_RUNPATH_SEARCH_PATHS = (
					"$(inherited)",
					"@executable_path/Frameworks",
				);
				MARKETING_VERSION = 0.16.1;
				OTHER_LDFLAGS = (
					"$(inherited)",
					"-ObjC",
					"-lc++",
				);
				PRODUCT_BUNDLE_IDENTIFIER = com.tltcode.naikamu.staging;
				PRODUCT_NAME = "$(TARGET_NAME)";
				SWIFT_OPTIMIZATION_LEVEL = "-Onone";
				SWIFT_VERSION = 5.0;
				VERSIONING_SYSTEM = "apple-generic";
			};
			name = Debug;
		};
		A15CF3092AD030C0004A53F3 /* Release */ = {
			isa = XCBuildConfiguration;
			baseConfigurationReference = 8E244B65C608B81A719C7980 /* Pods-NaikamuCommonPods-NaikamuStg.release.xcconfig */;
			buildSettings = {
				ASSETCATALOG_COMPILER_APPICON_NAME = AppIcon;
				ASSETCATALOG_COMPILER_INCLUDE_ALL_APPICON_ASSETS = NO;
				CLANG_ENABLE_MODULES = YES;
				CODE_SIGN_ENTITLEMENTS = Naikamu/Naikamu.entitlements;
				CURRENT_PROJECT_VERSION = 72;
				DEVELOPMENT_TEAM = 7626K298Y6;
				ENABLE_BITCODE = YES;
				INFOPLIST_FILE = "Naikamu stg-Info.plist";
				INFOPLIST_KEY_CFBundleDisplayName = "Naikamu stg";
				IPHONEOS_DEPLOYMENT_TARGET = 13.4;
				LD_RUNPATH_SEARCH_PATHS = (
					"$(inherited)",
					"@executable_path/Frameworks",
				);
				MARKETING_VERSION = 0.16.1;
				OTHER_LDFLAGS = (
					"$(inherited)",
					"-ObjC",
					"-lc++",
				);
				PRODUCT_BUNDLE_IDENTIFIER = com.tltcode.naikamu.staging;
				PRODUCT_NAME = "$(TARGET_NAME)";
				SWIFT_VERSION = 5.0;
				VERSIONING_SYSTEM = "apple-generic";
			};
			name = Release;
		};
		A15CF33D2AD030C3004A53F3 /* Debug */ = {
			isa = XCBuildConfiguration;
			baseConfigurationReference = 9678A98687FD49407F5CA3DC /* Pods-NaikamuCommonPods-NaikamuDev.debug.xcconfig */;
			buildSettings = {
				ASSETCATALOG_COMPILER_APPICON_NAME = AppIcon;
				ASSETCATALOG_COMPILER_INCLUDE_ALL_APPICON_ASSETS = NO;
				CLANG_ENABLE_MODULES = YES;
				CODE_SIGN_ENTITLEMENTS = Naikamu/Naikamu.entitlements;
				CURRENT_PROJECT_VERSION = 71;
				DEVELOPMENT_TEAM = 7626K298Y6;
				ENABLE_BITCODE = YES;
				INFOPLIST_FILE = "Naikamu dev-Info.plist";
				INFOPLIST_KEY_CFBundleDisplayName = "Naikamu dev";
				IPHONEOS_DEPLOYMENT_TARGET = 13.4;
				LD_RUNPATH_SEARCH_PATHS = (
					"$(inherited)",
					"@executable_path/Frameworks",
				);
				MARKETING_VERSION = 0.16.0;
				OTHER_LDFLAGS = (
					"$(inherited)",
					"-ObjC",
					"-lc++",
				);
				PRODUCT_BUNDLE_IDENTIFIER = com.tltcode.naikamu.development;
				PRODUCT_NAME = "$(TARGET_NAME)";
				SWIFT_OPTIMIZATION_LEVEL = "-Onone";
				SWIFT_VERSION = 5.0;
				VERSIONING_SYSTEM = "apple-generic";
			};
			name = Debug;
		};
		A15CF33E2AD030C3004A53F3 /* Release */ = {
			isa = XCBuildConfiguration;
			baseConfigurationReference = 5141AFEABEEA5F2252EB7546 /* Pods-NaikamuCommonPods-NaikamuDev.release.xcconfig */;
			buildSettings = {
				ASSETCATALOG_COMPILER_APPICON_NAME = AppIcon;
				ASSETCATALOG_COMPILER_INCLUDE_ALL_APPICON_ASSETS = NO;
				CLANG_ENABLE_MODULES = YES;
				CODE_SIGN_ENTITLEMENTS = Naikamu/Naikamu.entitlements;
				CURRENT_PROJECT_VERSION = 71;
				DEVELOPMENT_TEAM = 7626K298Y6;
				ENABLE_BITCODE = YES;
				INFOPLIST_FILE = "Naikamu dev-Info.plist";
				INFOPLIST_KEY_CFBundleDisplayName = "Naikamu dev";
				IPHONEOS_DEPLOYMENT_TARGET = 13.4;
				LD_RUNPATH_SEARCH_PATHS = (
					"$(inherited)",
					"@executable_path/Frameworks",
				);
				MARKETING_VERSION = 0.16.0;
				OTHER_LDFLAGS = (
					"$(inherited)",
					"-ObjC",
					"-lc++",
				);
				PRODUCT_BUNDLE_IDENTIFIER = com.tltcode.naikamu.development;
				PRODUCT_NAME = "$(TARGET_NAME)";
				SWIFT_VERSION = 5.0;
				VERSIONING_SYSTEM = "apple-generic";
			};
			name = Release;
		};
/* End XCBuildConfiguration section */

/* Begin XCConfigurationList section */
		00E357021AD99517003FC87E /* Build configuration list for PBXNativeTarget "NaikamuTests" */ = {
			isa = XCConfigurationList;
			buildConfigurations = (
				00E356F61AD99517003FC87E /* Debug */,
				00E356F71AD99517003FC87E /* Release */,
			);
			defaultConfigurationIsVisible = 0;
			defaultConfigurationName = Release;
		};
		13B07F931A680F5B00A75B9A /* Build configuration list for PBXNativeTarget "Naikamu" */ = {
			isa = XCConfigurationList;
			buildConfigurations = (
				13B07F941A680F5B00A75B9A /* Debug */,
				13B07F951A680F5B00A75B9A /* Release */,
			);
			defaultConfigurationIsVisible = 0;
			defaultConfigurationName = Release;
		};
		83CBB9FA1A601CBA00E9B192 /* Build configuration list for PBXProject "Naikamu" */ = {
			isa = XCConfigurationList;
			buildConfigurations = (
				83CBBA201A601CBA00E9B192 /* Debug */,
				83CBBA211A601CBA00E9B192 /* Release */,
			);
			defaultConfigurationIsVisible = 0;
			defaultConfigurationName = Release;
		};
		A15CF3072AD030C0004A53F3 /* Build configuration list for PBXNativeTarget "NaikamuStg" */ = {
			isa = XCConfigurationList;
			buildConfigurations = (
				A15CF3082AD030C0004A53F3 /* Debug */,
				A15CF3092AD030C0004A53F3 /* Release */,
			);
			defaultConfigurationIsVisible = 0;
			defaultConfigurationName = Release;
		};
		A15CF33C2AD030C3004A53F3 /* Build configuration list for PBXNativeTarget "NaikamuDev" */ = {
			isa = XCConfigurationList;
			buildConfigurations = (
				A15CF33D2AD030C3004A53F3 /* Debug */,
				A15CF33E2AD030C3004A53F3 /* Release */,
			);
			defaultConfigurationIsVisible = 0;
			defaultConfigurationName = Release;
		};
/* End XCConfigurationList section */
	};
	rootObject = 83CBB9F71A601CBA00E9B192 /* Project object */;
}
